
Microsoft Visual Studio Solution File, Format Version 12.00
# Visual Studio Version 17
VisualStudioVersion = 17.0.31903.59
MinimumVisualStudioVersion = 10.0.40219.1
Project("{E53339B2-1760-4266-BCC7-CA923CBCF16C}") = "docker-compose", "docker-compose.dcproj", "{3E4C4C4D-8C8A-4F5E-9B2A-1D3E5F7A9C2B}"
EndProject
Project("{2150E333-8FDC-42A3-9474-1A3956D46DE8}") = "Solution Items", "Solution Items", "{8E6D3F45-7F6D-4B29-9C47-3D4E8B5A1E2F}"
	ProjectSection(SolutionItems) = preProject
		.dockerignore = .dockerignore
		.env.example = .env.example
		.gitignore = .gitignore
		CLAUDE.md = CLAUDE.md
		docker-compose.yml = docker-compose.yml
		README.md = README.md
	EndProjectSection
EndProject
Project("{2150E333-8FDC-42A3-9474-1A3956D46DE8}") = "src", "src", "{827E0CD3-B72D-47B6-A68D-7590B98EB39B}"
EndProject
Project("{2150E333-8FDC-42A3-9474-1A3956D46DE8}") = "Modules", "Modules", "{EC447DCF-ABFA-6E24-52A5-D7FD48A5C558}"
EndProject
Project("{2150E333-8FDC-42A3-9474-1A3956D46DE8}") = "Auth", "Auth", "{C482A0FC-5230-A428-385C-CB0AE2F127AA}"
EndProject
Project("{FAE04EC0-301F-11D3-BF4B-00C04F79EFBC}") = "AuthSamples.Modules.Auth.Domain", "src\Modules\Auth\AuthSamples.Modules.Auth.Domain\AuthSamples.Modules.Auth.Domain.csproj", "{BE49D996-D115-4399-8B80-0FB48DE9C80F}"
EndProject
Project("{FAE04EC0-301F-11D3-BF4B-00C04F79EFBC}") = "AuthSamples.Modules.Auth.Application", "src\Modules\Auth\AuthSamples.Modules.Auth.Application\AuthSamples.Modules.Auth.Application.csproj", "{81A0C41F-BB5E-4A09-87C0-5D13BAD7B3D7}"
EndProject
Project("{FAE04EC0-301F-11D3-BF4B-00C04F79EFBC}") = "AuthSamples.Modules.Auth.Infrastructure", "src\Modules\Auth\AuthSamples.Modules.Auth.Infrastructure\AuthSamples.Modules.Auth.Infrastructure.csproj", "{A3F4463E-AD58-41C1-AF62-E1612362AB90}"
EndProject
Project("{FAE04EC0-301F-11D3-BF4B-00C04F79EFBC}") = "AuthSamples.Modules.Auth.Presentation", "src\Modules\Auth\AuthSamples.Modules.Auth.Presentation\AuthSamples.Modules.Auth.Presentation.csproj", "{357FD6F1-74D3-4D43-B55C-9E2C0CC6ECAD}"
EndProject
Project("{2150E333-8FDC-42A3-9474-1A3956D46DE8}") = "ApiHost", "ApiHost", "{42926E0C-B187-78B7-30CB-6E832B613613}"
EndProject
Project("{FAE04EC0-301F-11D3-BF4B-00C04F79EFBC}") = "AuthSamples.ApiHost", "src\ApiHost\AuthSamples.ApiHost\AuthSamples.ApiHost.csproj", "{35F417C1-A5BD-432C-9E10-544D4C1AD290}"
EndProject
Project("{FAE04EC0-301F-11D3-BF4B-00C04F79EFBC}") = "AuthSamples.Modules.Auth.Composition", "src\Modules\Auth\AuthSamples.Modules.Auth.Composition\AuthSamples.Modules.Auth.Composition.csproj", "{06BDBDBA-070C-4E5D-A753-662938A8AD5B}"
EndProject
Project("{2150E333-8FDC-42A3-9474-1A3956D46DE8}") = "BuildingBlocks", "BuildingBlocks", "{02EA681E-C7D8-13C7-8484-4AC65E1B71E8}"
EndProject
Project("{FAE04EC0-301F-11D3-BF4B-00C04F79EFBC}") = "App.Abstractions", "src\BuildingBlocks\App.Abstractions\App.Abstractions.csproj", "{6F507A99-4D42-4974-99F1-4A938E137F42}"
EndProject
Project("{2150E333-8FDC-42A3-9474-1A3956D46DE8}") = "tests", "tests", "{0AB3BF05-4346-4AA6-1389-037BE0695223}"
EndProject
Project("{FAE04EC0-301F-11D3-BF4B-00C04F79EFBC}") = "AuthSamples.Tests.Common", "tests\AuthSamples.Tests.Common\AuthSamples.Tests.Common.csproj", "{EDC5BF02-DF06-4E0A-8965-76707713AA4B}"
EndProject
Project("{FAE04EC0-301F-11D3-BF4B-00C04F79EFBC}") = "AuthSamples.Modules.Auth.Domain.Tests", "tests\AuthSamples.Modules.Auth.Domain.Tests\AuthSamples.Modules.Auth.Domain.Tests.csproj", "{A7329094-00FC-4ACF-91AC-DAC3F4C34939}"
EndProject
Project("{FAE04EC0-301F-11D3-BF4B-00C04F79EFBC}") = "AuthSamples.Modules.Auth.Application.Tests", "tests\AuthSamples.Modules.Auth.Application.Tests\AuthSamples.Modules.Auth.Application.Tests.csproj", "{2DAA8D8B-7FB4-467D-942D-54B41BE44D4A}"
EndProject
Project("{FAE04EC0-301F-11D3-BF4B-00C04F79EFBC}") = "AuthSamples.Modules.Auth.Infrastructure.Tests", "tests\AuthSamples.Modules.Auth.Infrastructure.Tests\AuthSamples.Modules.Auth.Infrastructure.Tests.csproj", "{83F6E2D3-3518-4869-BAB8-9B3F305AF2EF}"
EndProject
Project("{FAE04EC0-301F-11D3-BF4B-00C04F79EFBC}") = "AuthSamples.Modules.Auth.Presentation.Tests", "tests\AuthSamples.Modules.Auth.Presentation.Tests\AuthSamples.Modules.Auth.Presentation.Tests.csproj", "{EF5DCB65-901F-442B-A571-0F541F9DF68C}"
EndProject
Project("{FAE04EC0-301F-11D3-BF4B-00C04F79EFBC}") = "AuthSamples.IntegrationTests", "tests\AuthSamples.IntegrationTests\AuthSamples.IntegrationTests.csproj", "{30CD8D45-4265-423D-BA1F-B20A57801CA3}"
EndProject
Project("{2150E333-8FDC-42A3-9474-1A3956D46DE8}") = "Platform", "Platform", "{E54149B9-7F22-367F-9CC5-FD829E3AA07B}"
EndProject
Project("{FAE04EC0-301F-11D3-BF4B-00C04F79EFBC}") = "AuthSamples.Platform.Shared", "src\Platform\AuthSamples.Platform.Shared\AuthSamples.Platform.Shared.csproj", "{B0069543-B3CD-484E-896A-36CA7DA905C8}"
EndProject
Project("{2150E333-8FDC-42A3-9474-1A3956D46DE8}") = "BackgroundJobs", "BackgroundJobs", "{7E06002E-B14A-C358-19D0-0C2A74B78791}"
EndProject
Project("{FAE04EC0-301F-11D3-BF4B-00C04F79EFBC}") = "AuthSamples.Platform.BackgroundJobs.Abstractions", "src\Platform\BackgroundJobs\AuthSamples.Platform.BackgroundJobs.Abstractions\AuthSamples.Platform.BackgroundJobs.Abstractions.csproj", "{B44AC756-7620-4C8C-BB97-EE7940563164}"
EndProject
Project("{FAE04EC0-301F-11D3-BF4B-00C04F79EFBC}") = "AuthSamples.Platform.BackgroundJobs.Infrastructure.Hangfire", "src\Platform\BackgroundJobs\AuthSamples.Platform.BackgroundJobs.Infrastructure.Hangfire\AuthSamples.Platform.BackgroundJobs.Infrastructure.Hangfire.csproj", "{AD1FB5A8-9064-4B3A-BA06-1DCEE2824E64}"
EndProject
Project("{FAE04EC0-301F-11D3-BF4B-00C04F79EFBC}") = "AuthSamples.Platform.BackgroundJobs.Composition", "src\Platform\BackgroundJobs\AuthSamples.Platform.BackgroundJobs.Composition\AuthSamples.Platform.BackgroundJobs.Composition.csproj", "{67D85B0B-79F0-4DF8-A0C6-90123941A753}"
EndProject
Project("{2150E333-8FDC-42A3-9474-1A3956D46DE8}") = "Notifications", "Notifications", "{41C0A2FE-5F60-2EFA-FBCC-8DD5E237BD3F}"
EndProject
Project("{FAE04EC0-301F-11D3-BF4B-00C04F79EFBC}") = "AuthSamples.Platform.Notifications.Abstractions", "src\Platform\Notifications\AuthSamples.Platform.Notifications.Abstractions\AuthSamples.Platform.Notifications.Abstractions.csproj", "{27E6315A-F9D7-4501-A20D-934B448E40F6}"
EndProject
Project("{FAE04EC0-301F-11D3-BF4B-00C04F79EFBC}") = "AuthSamples.Platform.Notifications.Infrastructure.SendGrid", "src\Platform\Notifications\AuthSamples.Platform.Notifications.Infrastructure.SendGrid\AuthSamples.Platform.Notifications.Infrastructure.SendGrid.csproj", "{3D537778-52E1-4CE5-A21A-56E5FFABA7D2}"
EndProject
Project("{FAE04EC0-301F-11D3-BF4B-00C04F79EFBC}") = "AuthSamples.Platform.Notifications.Composition", "src\Platform\Notifications\AuthSamples.Platform.Notifications.Composition\AuthSamples.Platform.Notifications.Composition.csproj", "{6BE85C6B-E192-4CA7-9240-582C24A43667}"
EndProject
Project("{FAE04EC0-301F-11D3-BF4B-00C04F79EFBC}") = "AuthSamples.Platform.BackgroundJobs.Tests", "tests\AuthSamples.Platform.BackgroundJobs.Tests\AuthSamples.Platform.BackgroundJobs.Tests.csproj", "{464AC5AC-36A1-417B-BAFD-AFF2B66E40CC}"
EndProject
Project("{FAE04EC0-301F-11D3-BF4B-00C04F79EFBC}") = "AuthSamples.Platform.Notifications.Tests", "tests\AuthSamples.Platform.Notifications.Tests\AuthSamples.Platform.Notifications.Tests.csproj", "{E969EE93-08E5-4E9F-8C71-3799842953A1}"
EndProject
Global
	GlobalSection(SolutionConfigurationPlatforms) = preSolution
		Debug|Any CPU = Debug|Any CPU
		Debug|x64 = Debug|x64
		Debug|x86 = Debug|x86
		Release|Any CPU = Release|Any CPU
		Release|x64 = Release|x64
		Release|x86 = Release|x86
	EndGlobalSection
	GlobalSection(ProjectConfigurationPlatforms) = postSolution
		{3E4C4C4D-8C8A-4F5E-9B2A-1D3E5F7A9C2B}.Debug|Any CPU.ActiveCfg = Debug|Any CPU
		{3E4C4C4D-8C8A-4F5E-9B2A-1D3E5F7A9C2B}.Debug|Any CPU.Build.0 = Debug|Any CPU
		{3E4C4C4D-8C8A-4F5E-9B2A-1D3E5F7A9C2B}.Debug|x64.ActiveCfg = Debug|Any CPU
		{3E4C4C4D-8C8A-4F5E-9B2A-1D3E5F7A9C2B}.Debug|x64.Build.0 = Debug|Any CPU
		{3E4C4C4D-8C8A-4F5E-9B2A-1D3E5F7A9C2B}.Debug|x86.ActiveCfg = Debug|Any CPU
		{3E4C4C4D-8C8A-4F5E-9B2A-1D3E5F7A9C2B}.Debug|x86.Build.0 = Debug|Any CPU
		{3E4C4C4D-8C8A-4F5E-9B2A-1D3E5F7A9C2B}.Release|Any CPU.ActiveCfg = Release|Any CPU
		{3E4C4C4D-8C8A-4F5E-9B2A-1D3E5F7A9C2B}.Release|Any CPU.Build.0 = Release|Any CPU
		{3E4C4C4D-8C8A-4F5E-9B2A-1D3E5F7A9C2B}.Release|x64.ActiveCfg = Release|Any CPU
		{3E4C4C4D-8C8A-4F5E-9B2A-1D3E5F7A9C2B}.Release|x64.Build.0 = Release|Any CPU
		{3E4C4C4D-8C8A-4F5E-9B2A-1D3E5F7A9C2B}.Release|x86.ActiveCfg = Release|Any CPU
		{3E4C4C4D-8C8A-4F5E-9B2A-1D3E5F7A9C2B}.Release|x86.Build.0 = Release|Any CPU
		{BE49D996-D115-4399-8B80-0FB48DE9C80F}.Debug|Any CPU.ActiveCfg = Debug|Any CPU
		{BE49D996-D115-4399-8B80-0FB48DE9C80F}.Debug|Any CPU.Build.0 = Debug|Any CPU
		{BE49D996-D115-4399-8B80-0FB48DE9C80F}.Debug|x64.ActiveCfg = Debug|Any CPU
		{BE49D996-D115-4399-8B80-0FB48DE9C80F}.Debug|x64.Build.0 = Debug|Any CPU
		{BE49D996-D115-4399-8B80-0FB48DE9C80F}.Debug|x86.ActiveCfg = Debug|Any CPU
		{BE49D996-D115-4399-8B80-0FB48DE9C80F}.Debug|x86.Build.0 = Debug|Any CPU
		{BE49D996-D115-4399-8B80-0FB48DE9C80F}.Release|Any CPU.ActiveCfg = Release|Any CPU
		{BE49D996-D115-4399-8B80-0FB48DE9C80F}.Release|Any CPU.Build.0 = Release|Any CPU
		{BE49D996-D115-4399-8B80-0FB48DE9C80F}.Release|x64.ActiveCfg = Release|Any CPU
		{BE49D996-D115-4399-8B80-0FB48DE9C80F}.Release|x64.Build.0 = Release|Any CPU
		{BE49D996-D115-4399-8B80-0FB48DE9C80F}.Release|x86.ActiveCfg = Release|Any CPU
		{BE49D996-D115-4399-8B80-0FB48DE9C80F}.Release|x86.Build.0 = Release|Any CPU
		{81A0C41F-BB5E-4A09-87C0-5D13BAD7B3D7}.Debug|Any CPU.ActiveCfg = Debug|Any CPU
		{81A0C41F-BB5E-4A09-87C0-5D13BAD7B3D7}.Debug|Any CPU.Build.0 = Debug|Any CPU
		{81A0C41F-BB5E-4A09-87C0-5D13BAD7B3D7}.Debug|x64.ActiveCfg = Debug|Any CPU
		{81A0C41F-BB5E-4A09-87C0-5D13BAD7B3D7}.Debug|x64.Build.0 = Debug|Any CPU
		{81A0C41F-BB5E-4A09-87C0-5D13BAD7B3D7}.Debug|x86.ActiveCfg = Debug|Any CPU
		{81A0C41F-BB5E-4A09-87C0-5D13BAD7B3D7}.Debug|x86.Build.0 = Debug|Any CPU
		{81A0C41F-BB5E-4A09-87C0-5D13BAD7B3D7}.Release|Any CPU.ActiveCfg = Release|Any CPU
		{81A0C41F-BB5E-4A09-87C0-5D13BAD7B3D7}.Release|Any CPU.Build.0 = Release|Any CPU
		{81A0C41F-BB5E-4A09-87C0-5D13BAD7B3D7}.Release|x64.ActiveCfg = Release|Any CPU
		{81A0C41F-BB5E-4A09-87C0-5D13BAD7B3D7}.Release|x64.Build.0 = Release|Any CPU
		{81A0C41F-BB5E-4A09-87C0-5D13BAD7B3D7}.Release|x86.ActiveCfg = Release|Any CPU
		{81A0C41F-BB5E-4A09-87C0-5D13BAD7B3D7}.Release|x86.Build.0 = Release|Any CPU
		{A3F4463E-AD58-41C1-AF62-E1612362AB90}.Debug|Any CPU.ActiveCfg = Debug|Any CPU
		{A3F4463E-AD58-41C1-AF62-E1612362AB90}.Debug|Any CPU.Build.0 = Debug|Any CPU
		{A3F4463E-AD58-41C1-AF62-E1612362AB90}.Debug|x64.ActiveCfg = Debug|Any CPU
		{A3F4463E-AD58-41C1-AF62-E1612362AB90}.Debug|x64.Build.0 = Debug|Any CPU
		{A3F4463E-AD58-41C1-AF62-E1612362AB90}.Debug|x86.ActiveCfg = Debug|Any CPU
		{A3F4463E-AD58-41C1-AF62-E1612362AB90}.Debug|x86.Build.0 = Debug|Any CPU
		{A3F4463E-AD58-41C1-AF62-E1612362AB90}.Release|Any CPU.ActiveCfg = Release|Any CPU
		{A3F4463E-AD58-41C1-AF62-E1612362AB90}.Release|Any CPU.Build.0 = Release|Any CPU
		{A3F4463E-AD58-41C1-AF62-E1612362AB90}.Release|x64.ActiveCfg = Release|Any CPU
		{A3F4463E-AD58-41C1-AF62-E1612362AB90}.Release|x64.Build.0 = Release|Any CPU
		{A3F4463E-AD58-41C1-AF62-E1612362AB90}.Release|x86.ActiveCfg = Release|Any CPU
		{A3F4463E-AD58-41C1-AF62-E1612362AB90}.Release|x86.Build.0 = Release|Any CPU
		{357FD6F1-74D3-4D43-B55C-9E2C0CC6ECAD}.Debug|Any CPU.ActiveCfg = Debug|Any CPU
		{357FD6F1-74D3-4D43-B55C-9E2C0CC6ECAD}.Debug|Any CPU.Build.0 = Debug|Any CPU
		{357FD6F1-74D3-4D43-B55C-9E2C0CC6ECAD}.Debug|x64.ActiveCfg = Debug|Any CPU
		{357FD6F1-74D3-4D43-B55C-9E2C0CC6ECAD}.Debug|x64.Build.0 = Debug|Any CPU
		{357FD6F1-74D3-4D43-B55C-9E2C0CC6ECAD}.Debug|x86.ActiveCfg = Debug|Any CPU
		{357FD6F1-74D3-4D43-B55C-9E2C0CC6ECAD}.Debug|x86.Build.0 = Debug|Any CPU
		{357FD6F1-74D3-4D43-B55C-9E2C0CC6ECAD}.Release|Any CPU.ActiveCfg = Release|Any CPU
		{357FD6F1-74D3-4D43-B55C-9E2C0CC6ECAD}.Release|Any CPU.Build.0 = Release|Any CPU
		{357FD6F1-74D3-4D43-B55C-9E2C0CC6ECAD}.Release|x64.ActiveCfg = Release|Any CPU
		{357FD6F1-74D3-4D43-B55C-9E2C0CC6ECAD}.Release|x64.Build.0 = Release|Any CPU
		{357FD6F1-74D3-4D43-B55C-9E2C0CC6ECAD}.Release|x86.ActiveCfg = Release|Any CPU
		{357FD6F1-74D3-4D43-B55C-9E2C0CC6ECAD}.Release|x86.Build.0 = Release|Any CPU
		{35F417C1-A5BD-432C-9E10-544D4C1AD290}.Debug|Any CPU.ActiveCfg = Debug|Any CPU
		{35F417C1-A5BD-432C-9E10-544D4C1AD290}.Debug|Any CPU.Build.0 = Debug|Any CPU
		{35F417C1-A5BD-432C-9E10-544D4C1AD290}.Debug|x64.ActiveCfg = Debug|Any CPU
		{35F417C1-A5BD-432C-9E10-544D4C1AD290}.Debug|x64.Build.0 = Debug|Any CPU
		{35F417C1-A5BD-432C-9E10-544D4C1AD290}.Debug|x86.ActiveCfg = Debug|Any CPU
		{35F417C1-A5BD-432C-9E10-544D4C1AD290}.Debug|x86.Build.0 = Debug|Any CPU
		{35F417C1-A5BD-432C-9E10-544D4C1AD290}.Release|Any CPU.ActiveCfg = Release|Any CPU
		{35F417C1-A5BD-432C-9E10-544D4C1AD290}.Release|Any CPU.Build.0 = Release|Any CPU
		{35F417C1-A5BD-432C-9E10-544D4C1AD290}.Release|x64.ActiveCfg = Release|Any CPU
		{35F417C1-A5BD-432C-9E10-544D4C1AD290}.Release|x64.Build.0 = Release|Any CPU
		{35F417C1-A5BD-432C-9E10-544D4C1AD290}.Release|x86.ActiveCfg = Release|Any CPU
		{35F417C1-A5BD-432C-9E10-544D4C1AD290}.Release|x86.Build.0 = Release|Any CPU
		{06BDBDBA-070C-4E5D-A753-662938A8AD5B}.Debug|Any CPU.ActiveCfg = Debug|Any CPU
		{06BDBDBA-070C-4E5D-A753-662938A8AD5B}.Debug|Any CPU.Build.0 = Debug|Any CPU
		{06BDBDBA-070C-4E5D-A753-662938A8AD5B}.Debug|x64.ActiveCfg = Debug|Any CPU
		{06BDBDBA-070C-4E5D-A753-662938A8AD5B}.Debug|x64.Build.0 = Debug|Any CPU
		{06BDBDBA-070C-4E5D-A753-662938A8AD5B}.Debug|x86.ActiveCfg = Debug|Any CPU
		{06BDBDBA-070C-4E5D-A753-662938A8AD5B}.Debug|x86.Build.0 = Debug|Any CPU
		{06BDBDBA-070C-4E5D-A753-662938A8AD5B}.Release|Any CPU.ActiveCfg = Release|Any CPU
		{06BDBDBA-070C-4E5D-A753-662938A8AD5B}.Release|Any CPU.Build.0 = Release|Any CPU
		{06BDBDBA-070C-4E5D-A753-662938A8AD5B}.Release|x64.ActiveCfg = Release|Any CPU
		{06BDBDBA-070C-4E5D-A753-662938A8AD5B}.Release|x64.Build.0 = Release|Any CPU
		{06BDBDBA-070C-4E5D-A753-662938A8AD5B}.Release|x86.ActiveCfg = Release|Any CPU
		{06BDBDBA-070C-4E5D-A753-662938A8AD5B}.Release|x86.Build.0 = Release|Any CPU
		{6F507A99-4D42-4974-99F1-4A938E137F42}.Debug|Any CPU.ActiveCfg = Debug|Any CPU
		{6F507A99-4D42-4974-99F1-4A938E137F42}.Debug|Any CPU.Build.0 = Debug|Any CPU
		{6F507A99-4D42-4974-99F1-4A938E137F42}.Debug|x64.ActiveCfg = Debug|Any CPU
		{6F507A99-4D42-4974-99F1-4A938E137F42}.Debug|x64.Build.0 = Debug|Any CPU
		{6F507A99-4D42-4974-99F1-4A938E137F42}.Debug|x86.ActiveCfg = Debug|Any CPU
		{6F507A99-4D42-4974-99F1-4A938E137F42}.Debug|x86.Build.0 = Debug|Any CPU
		{6F507A99-4D42-4974-99F1-4A938E137F42}.Release|Any CPU.ActiveCfg = Release|Any CPU
		{6F507A99-4D42-4974-99F1-4A938E137F42}.Release|Any CPU.Build.0 = Release|Any CPU
		{6F507A99-4D42-4974-99F1-4A938E137F42}.Release|x64.ActiveCfg = Release|Any CPU
		{6F507A99-4D42-4974-99F1-4A938E137F42}.Release|x64.Build.0 = Release|Any CPU
		{6F507A99-4D42-4974-99F1-4A938E137F42}.Release|x86.ActiveCfg = Release|Any CPU
		{6F507A99-4D42-4974-99F1-4A938E137F42}.Release|x86.Build.0 = Release|Any CPU
		{EDC5BF02-DF06-4E0A-8965-76707713AA4B}.Debug|Any CPU.ActiveCfg = Debug|Any CPU
		{EDC5BF02-DF06-4E0A-8965-76707713AA4B}.Debug|Any CPU.Build.0 = Debug|Any CPU
		{EDC5BF02-DF06-4E0A-8965-76707713AA4B}.Debug|x64.ActiveCfg = Debug|Any CPU
		{EDC5BF02-DF06-4E0A-8965-76707713AA4B}.Debug|x64.Build.0 = Debug|Any CPU
		{EDC5BF02-DF06-4E0A-8965-76707713AA4B}.Debug|x86.ActiveCfg = Debug|Any CPU
		{EDC5BF02-DF06-4E0A-8965-76707713AA4B}.Debug|x86.Build.0 = Debug|Any CPU
		{EDC5BF02-DF06-4E0A-8965-76707713AA4B}.Release|Any CPU.ActiveCfg = Release|Any CPU
		{EDC5BF02-DF06-4E0A-8965-76707713AA4B}.Release|Any CPU.Build.0 = Release|Any CPU
		{EDC5BF02-DF06-4E0A-8965-76707713AA4B}.Release|x64.ActiveCfg = Release|Any CPU
		{EDC5BF02-DF06-4E0A-8965-76707713AA4B}.Release|x64.Build.0 = Release|Any CPU
		{EDC5BF02-DF06-4E0A-8965-76707713AA4B}.Release|x86.ActiveCfg = Release|Any CPU
		{EDC5BF02-DF06-4E0A-8965-76707713AA4B}.Release|x86.Build.0 = Release|Any CPU
		{A7329094-00FC-4ACF-91AC-DAC3F4C34939}.Debug|Any CPU.ActiveCfg = Debug|Any CPU
		{A7329094-00FC-4ACF-91AC-DAC3F4C34939}.Debug|Any CPU.Build.0 = Debug|Any CPU
		{A7329094-00FC-4ACF-91AC-DAC3F4C34939}.Debug|x64.ActiveCfg = Debug|Any CPU
		{A7329094-00FC-4ACF-91AC-DAC3F4C34939}.Debug|x64.Build.0 = Debug|Any CPU
		{A7329094-00FC-4ACF-91AC-DAC3F4C34939}.Debug|x86.ActiveCfg = Debug|Any CPU
		{A7329094-00FC-4ACF-91AC-DAC3F4C34939}.Debug|x86.Build.0 = Debug|Any CPU
		{A7329094-00FC-4ACF-91AC-DAC3F4C34939}.Release|Any CPU.ActiveCfg = Release|Any CPU
		{A7329094-00FC-4ACF-91AC-DAC3F4C34939}.Release|Any CPU.Build.0 = Release|Any CPU
		{A7329094-00FC-4ACF-91AC-DAC3F4C34939}.Release|x64.ActiveCfg = Release|Any CPU
		{A7329094-00FC-4ACF-91AC-DAC3F4C34939}.Release|x64.Build.0 = Release|Any CPU
		{A7329094-00FC-4ACF-91AC-DAC3F4C34939}.Release|x86.ActiveCfg = Release|Any CPU
		{A7329094-00FC-4ACF-91AC-DAC3F4C34939}.Release|x86.Build.0 = Release|Any CPU
		{2DAA8D8B-7FB4-467D-942D-54B41BE44D4A}.Debug|Any CPU.ActiveCfg = Debug|Any CPU
		{2DAA8D8B-7FB4-467D-942D-54B41BE44D4A}.Debug|Any CPU.Build.0 = Debug|Any CPU
		{2DAA8D8B-7FB4-467D-942D-54B41BE44D4A}.Debug|x64.ActiveCfg = Debug|Any CPU
		{2DAA8D8B-7FB4-467D-942D-54B41BE44D4A}.Debug|x64.Build.0 = Debug|Any CPU
		{2DAA8D8B-7FB4-467D-942D-54B41BE44D4A}.Debug|x86.ActiveCfg = Debug|Any CPU
		{2DAA8D8B-7FB4-467D-942D-54B41BE44D4A}.Debug|x86.Build.0 = Debug|Any CPU
		{2DAA8D8B-7FB4-467D-942D-54B41BE44D4A}.Release|Any CPU.ActiveCfg = Release|Any CPU
		{2DAA8D8B-7FB4-467D-942D-54B41BE44D4A}.Release|Any CPU.Build.0 = Release|Any CPU
		{2DAA8D8B-7FB4-467D-942D-54B41BE44D4A}.Release|x64.ActiveCfg = Release|Any CPU
		{2DAA8D8B-7FB4-467D-942D-54B41BE44D4A}.Release|x64.Build.0 = Release|Any CPU
		{2DAA8D8B-7FB4-467D-942D-54B41BE44D4A}.Release|x86.ActiveCfg = Release|Any CPU
		{2DAA8D8B-7FB4-467D-942D-54B41BE44D4A}.Release|x86.Build.0 = Release|Any CPU
		{83F6E2D3-3518-4869-BAB8-9B3F305AF2EF}.Debug|Any CPU.ActiveCfg = Debug|Any CPU
		{83F6E2D3-3518-4869-BAB8-9B3F305AF2EF}.Debug|Any CPU.Build.0 = Debug|Any CPU
		{83F6E2D3-3518-4869-BAB8-9B3F305AF2EF}.Debug|x64.ActiveCfg = Debug|Any CPU
		{83F6E2D3-3518-4869-BAB8-9B3F305AF2EF}.Debug|x64.Build.0 = Debug|Any CPU
		{83F6E2D3-3518-4869-BAB8-9B3F305AF2EF}.Debug|x86.ActiveCfg = Debug|Any CPU
		{83F6E2D3-3518-4869-BAB8-9B3F305AF2EF}.Debug|x86.Build.0 = Debug|Any CPU
		{83F6E2D3-3518-4869-BAB8-9B3F305AF2EF}.Release|Any CPU.ActiveCfg = Release|Any CPU
		{83F6E2D3-3518-4869-BAB8-9B3F305AF2EF}.Release|Any CPU.Build.0 = Release|Any CPU
		{83F6E2D3-3518-4869-BAB8-9B3F305AF2EF}.Release|x64.ActiveCfg = Release|Any CPU
		{83F6E2D3-3518-4869-BAB8-9B3F305AF2EF}.Release|x64.Build.0 = Release|Any CPU
		{83F6E2D3-3518-4869-BAB8-9B3F305AF2EF}.Release|x86.ActiveCfg = Release|Any CPU
		{83F6E2D3-3518-4869-BAB8-9B3F305AF2EF}.Release|x86.Build.0 = Release|Any CPU
		{EF5DCB65-901F-442B-A571-0F541F9DF68C}.Debug|Any CPU.ActiveCfg = Debug|Any CPU
		{EF5DCB65-901F-442B-A571-0F541F9DF68C}.Debug|Any CPU.Build.0 = Debug|Any CPU
		{EF5DCB65-901F-442B-A571-0F541F9DF68C}.Debug|x64.ActiveCfg = Debug|Any CPU
		{EF5DCB65-901F-442B-A571-0F541F9DF68C}.Debug|x64.Build.0 = Debug|Any CPU
		{EF5DCB65-901F-442B-A571-0F541F9DF68C}.Debug|x86.ActiveCfg = Debug|Any CPU
		{EF5DCB65-901F-442B-A571-0F541F9DF68C}.Debug|x86.Build.0 = Debug|Any CPU
		{EF5DCB65-901F-442B-A571-0F541F9DF68C}.Release|Any CPU.ActiveCfg = Release|Any CPU
		{EF5DCB65-901F-442B-A571-0F541F9DF68C}.Release|Any CPU.Build.0 = Release|Any CPU
		{EF5DCB65-901F-442B-A571-0F541F9DF68C}.Release|x64.ActiveCfg = Release|Any CPU
		{EF5DCB65-901F-442B-A571-0F541F9DF68C}.Release|x64.Build.0 = Release|Any CPU
		{EF5DCB65-901F-442B-A571-0F541F9DF68C}.Release|x86.ActiveCfg = Release|Any CPU
		{EF5DCB65-901F-442B-A571-0F541F9DF68C}.Release|x86.Build.0 = Release|Any CPU
		{30CD8D45-4265-423D-BA1F-B20A57801CA3}.Debug|Any CPU.ActiveCfg = Debug|Any CPU
		{30CD8D45-4265-423D-BA1F-B20A57801CA3}.Debug|Any CPU.Build.0 = Debug|Any CPU
		{30CD8D45-4265-423D-BA1F-B20A57801CA3}.Debug|x64.ActiveCfg = Debug|Any CPU
		{30CD8D45-4265-423D-BA1F-B20A57801CA3}.Debug|x64.Build.0 = Debug|Any CPU
		{30CD8D45-4265-423D-BA1F-B20A57801CA3}.Debug|x86.ActiveCfg = Debug|Any CPU
		{30CD8D45-4265-423D-BA1F-B20A57801CA3}.Debug|x86.Build.0 = Debug|Any CPU
		{30CD8D45-4265-423D-BA1F-B20A57801CA3}.Release|Any CPU.ActiveCfg = Release|Any CPU
		{30CD8D45-4265-423D-BA1F-B20A57801CA3}.Release|Any CPU.Build.0 = Release|Any CPU
		{30CD8D45-4265-423D-BA1F-B20A57801CA3}.Release|x64.ActiveCfg = Release|Any CPU
		{30CD8D45-4265-423D-BA1F-B20A57801CA3}.Release|x64.Build.0 = Release|Any CPU
		{30CD8D45-4265-423D-BA1F-B20A57801CA3}.Release|x86.ActiveCfg = Release|Any CPU
		{30CD8D45-4265-423D-BA1F-B20A57801CA3}.Release|x86.Build.0 = Release|Any CPU
		{B0069543-B3CD-484E-896A-36CA7DA905C8}.Debug|Any CPU.ActiveCfg = Debug|Any CPU
		{B0069543-B3CD-484E-896A-36CA7DA905C8}.Debug|Any CPU.Build.0 = Debug|Any CPU
		{B0069543-B3CD-484E-896A-36CA7DA905C8}.Debug|x64.ActiveCfg = Debug|Any CPU
		{B0069543-B3CD-484E-896A-36CA7DA905C8}.Debug|x64.Build.0 = Debug|Any CPU
		{B0069543-B3CD-484E-896A-36CA7DA905C8}.Debug|x86.ActiveCfg = Debug|Any CPU
		{B0069543-B3CD-484E-896A-36CA7DA905C8}.Debug|x86.Build.0 = Debug|Any CPU
		{B0069543-B3CD-484E-896A-36CA7DA905C8}.Release|Any CPU.ActiveCfg = Release|Any CPU
		{B0069543-B3CD-484E-896A-36CA7DA905C8}.Release|Any CPU.Build.0 = Release|Any CPU
		{B0069543-B3CD-484E-896A-36CA7DA905C8}.Release|x64.ActiveCfg = Release|Any CPU
		{B0069543-B3CD-484E-896A-36CA7DA905C8}.Release|x64.Build.0 = Release|Any CPU
		{B0069543-B3CD-484E-896A-36CA7DA905C8}.Release|x86.ActiveCfg = Release|Any CPU
		{B0069543-B3CD-484E-896A-36CA7DA905C8}.Release|x86.Build.0 = Release|Any CPU
		{B44AC756-7620-4C8C-BB97-EE7940563164}.Debug|Any CPU.ActiveCfg = Debug|Any CPU
		{B44AC756-7620-4C8C-BB97-EE7940563164}.Debug|Any CPU.Build.0 = Debug|Any CPU
		{B44AC756-7620-4C8C-BB97-EE7940563164}.Debug|x64.ActiveCfg = Debug|Any CPU
		{B44AC756-7620-4C8C-BB97-EE7940563164}.Debug|x64.Build.0 = Debug|Any CPU
		{B44AC756-7620-4C8C-BB97-EE7940563164}.Debug|x86.ActiveCfg = Debug|Any CPU
		{B44AC756-7620-4C8C-BB97-EE7940563164}.Debug|x86.Build.0 = Debug|Any CPU
		{B44AC756-7620-4C8C-BB97-EE7940563164}.Release|Any CPU.ActiveCfg = Release|Any CPU
		{B44AC756-7620-4C8C-BB97-EE7940563164}.Release|Any CPU.Build.0 = Release|Any CPU
		{B44AC756-7620-4C8C-BB97-EE7940563164}.Release|x64.ActiveCfg = Release|Any CPU
		{B44AC756-7620-4C8C-BB97-EE7940563164}.Release|x64.Build.0 = Release|Any CPU
		{B44AC756-7620-4C8C-BB97-EE7940563164}.Release|x86.ActiveCfg = Release|Any CPU
		{B44AC756-7620-4C8C-BB97-EE7940563164}.Release|x86.Build.0 = Release|Any CPU
		{AD1FB5A8-9064-4B3A-BA06-1DCEE2824E64}.Debug|Any CPU.ActiveCfg = Debug|Any CPU
		{AD1FB5A8-9064-4B3A-BA06-1DCEE2824E64}.Debug|Any CPU.Build.0 = Debug|Any CPU
		{AD1FB5A8-9064-4B3A-BA06-1DCEE2824E64}.Debug|x64.ActiveCfg = Debug|Any CPU
		{AD1FB5A8-9064-4B3A-BA06-1DCEE2824E64}.Debug|x64.Build.0 = Debug|Any CPU
		{AD1FB5A8-9064-4B3A-BA06-1DCEE2824E64}.Debug|x86.ActiveCfg = Debug|Any CPU
		{AD1FB5A8-9064-4B3A-BA06-1DCEE2824E64}.Debug|x86.Build.0 = Debug|Any CPU
		{AD1FB5A8-9064-4B3A-BA06-1DCEE2824E64}.Release|Any CPU.ActiveCfg = Release|Any CPU
		{AD1FB5A8-9064-4B3A-BA06-1DCEE2824E64}.Release|Any CPU.Build.0 = Release|Any CPU
		{AD1FB5A8-9064-4B3A-BA06-1DCEE2824E64}.Release|x64.ActiveCfg = Release|Any CPU
		{AD1FB5A8-9064-4B3A-BA06-1DCEE2824E64}.Release|x64.Build.0 = Release|Any CPU
		{AD1FB5A8-9064-4B3A-BA06-1DCEE2824E64}.Release|x86.ActiveCfg = Release|Any CPU
		{AD1FB5A8-9064-4B3A-BA06-1DCEE2824E64}.Release|x86.Build.0 = Release|Any CPU
		{67D85B0B-79F0-4DF8-A0C6-90123941A753}.Debug|Any CPU.ActiveCfg = Debug|Any CPU
		{67D85B0B-79F0-4DF8-A0C6-90123941A753}.Debug|Any CPU.Build.0 = Debug|Any CPU
		{67D85B0B-79F0-4DF8-A0C6-90123941A753}.Debug|x64.ActiveCfg = Debug|Any CPU
		{67D85B0B-79F0-4DF8-A0C6-90123941A753}.Debug|x64.Build.0 = Debug|Any CPU
		{67D85B0B-79F0-4DF8-A0C6-90123941A753}.Debug|x86.ActiveCfg = Debug|Any CPU
		{67D85B0B-79F0-4DF8-A0C6-90123941A753}.Debug|x86.Build.0 = Debug|Any CPU
		{67D85B0B-79F0-4DF8-A0C6-90123941A753}.Release|Any CPU.ActiveCfg = Release|Any CPU
		{67D85B0B-79F0-4DF8-A0C6-90123941A753}.Release|Any CPU.Build.0 = Release|Any CPU
		{67D85B0B-79F0-4DF8-A0C6-90123941A753}.Release|x64.ActiveCfg = Release|Any CPU
		{67D85B0B-79F0-4DF8-A0C6-90123941A753}.Release|x64.Build.0 = Release|Any CPU
		{67D85B0B-79F0-4DF8-A0C6-90123941A753}.Release|x86.ActiveCfg = Release|Any CPU
		{67D85B0B-79F0-4DF8-A0C6-90123941A753}.Release|x86.Build.0 = Release|Any CPU
		{27E6315A-F9D7-4501-A20D-934B448E40F6}.Debug|Any CPU.ActiveCfg = Debug|Any CPU
		{27E6315A-F9D7-4501-A20D-934B448E40F6}.Debug|Any CPU.Build.0 = Debug|Any CPU
		{27E6315A-F9D7-4501-A20D-934B448E40F6}.Debug|x64.ActiveCfg = Debug|Any CPU
		{27E6315A-F9D7-4501-A20D-934B448E40F6}.Debug|x64.Build.0 = Debug|Any CPU
		{27E6315A-F9D7-4501-A20D-934B448E40F6}.Debug|x86.ActiveCfg = Debug|Any CPU
		{27E6315A-F9D7-4501-A20D-934B448E40F6}.Debug|x86.Build.0 = Debug|Any CPU
		{27E6315A-F9D7-4501-A20D-934B448E40F6}.Release|Any CPU.ActiveCfg = Release|Any CPU
		{27E6315A-F9D7-4501-A20D-934B448E40F6}.Release|Any CPU.Build.0 = Release|Any CPU
		{27E6315A-F9D7-4501-A20D-934B448E40F6}.Release|x64.ActiveCfg = Release|Any CPU
		{27E6315A-F9D7-4501-A20D-934B448E40F6}.Release|x64.Build.0 = Release|Any CPU
		{27E6315A-F9D7-4501-A20D-934B448E40F6}.Release|x86.ActiveCfg = Release|Any CPU
		{27E6315A-F9D7-4501-A20D-934B448E40F6}.Release|x86.Build.0 = Release|Any CPU
		{3D537778-52E1-4CE5-A21A-56E5FFABA7D2}.Debug|Any CPU.ActiveCfg = Debug|Any CPU
		{3D537778-52E1-4CE5-A21A-56E5FFABA7D2}.Debug|Any CPU.Build.0 = Debug|Any CPU
		{3D537778-52E1-4CE5-A21A-56E5FFABA7D2}.Debug|x64.ActiveCfg = Debug|Any CPU
		{3D537778-52E1-4CE5-A21A-56E5FFABA7D2}.Debug|x64.Build.0 = Debug|Any CPU
		{3D537778-52E1-4CE5-A21A-56E5FFABA7D2}.Debug|x86.ActiveCfg = Debug|Any CPU
		{3D537778-52E1-4CE5-A21A-56E5FFABA7D2}.Debug|x86.Build.0 = Debug|Any CPU
		{3D537778-52E1-4CE5-A21A-56E5FFABA7D2}.Release|Any CPU.ActiveCfg = Release|Any CPU
		{3D537778-52E1-4CE5-A21A-56E5FFABA7D2}.Release|Any CPU.Build.0 = Release|Any CPU
		{3D537778-52E1-4CE5-A21A-56E5FFABA7D2}.Release|x64.ActiveCfg = Release|Any CPU
		{3D537778-52E1-4CE5-A21A-56E5FFABA7D2}.Release|x64.Build.0 = Release|Any CPU
		{3D537778-52E1-4CE5-A21A-56E5FFABA7D2}.Release|x86.ActiveCfg = Release|Any CPU
		{3D537778-52E1-4CE5-A21A-56E5FFABA7D2}.Release|x86.Build.0 = Release|Any CPU
		{6BE85C6B-E192-4CA7-9240-582C24A43667}.Debug|Any CPU.ActiveCfg = Debug|Any CPU
		{6BE85C6B-E192-4CA7-9240-582C24A43667}.Debug|Any CPU.Build.0 = Debug|Any CPU
		{6BE85C6B-E192-4CA7-9240-582C24A43667}.Debug|x64.ActiveCfg = Debug|Any CPU
		{6BE85C6B-E192-4CA7-9240-582C24A43667}.Debug|x64.Build.0 = Debug|Any CPU
		{6BE85C6B-E192-4CA7-9240-582C24A43667}.Debug|x86.ActiveCfg = Debug|Any CPU
		{6BE85C6B-E192-4CA7-9240-582C24A43667}.Debug|x86.Build.0 = Debug|Any CPU
		{6BE85C6B-E192-4CA7-9240-582C24A43667}.Release|Any CPU.ActiveCfg = Release|Any CPU
		{6BE85C6B-E192-4CA7-9240-582C24A43667}.Release|Any CPU.Build.0 = Release|Any CPU
		{6BE85C6B-E192-4CA7-9240-582C24A43667}.Release|x64.ActiveCfg = Release|Any CPU
		{6BE85C6B-E192-4CA7-9240-582C24A43667}.Release|x64.Build.0 = Release|Any CPU
		{6BE85C6B-E192-4CA7-9240-582C24A43667}.Release|x86.ActiveCfg = Release|Any CPU
		{6BE85C6B-E192-4CA7-9240-582C24A43667}.Release|x86.Build.0 = Release|Any CPU
		{464AC5AC-36A1-417B-BAFD-AFF2B66E40CC}.Debug|Any CPU.ActiveCfg = Debug|Any CPU
		{464AC5AC-36A1-417B-BAFD-AFF2B66E40CC}.Debug|Any CPU.Build.0 = Debug|Any CPU
		{464AC5AC-36A1-417B-BAFD-AFF2B66E40CC}.Debug|x64.ActiveCfg = Debug|Any CPU
		{464AC5AC-36A1-417B-BAFD-AFF2B66E40CC}.Debug|x64.Build.0 = Debug|Any CPU
		{464AC5AC-36A1-417B-BAFD-AFF2B66E40CC}.Debug|x86.ActiveCfg = Debug|Any CPU
		{464AC5AC-36A1-417B-BAFD-AFF2B66E40CC}.Debug|x86.Build.0 = Debug|Any CPU
		{464AC5AC-36A1-417B-BAFD-AFF2B66E40CC}.Release|Any CPU.ActiveCfg = Release|Any CPU
		{464AC5AC-36A1-417B-BAFD-AFF2B66E40CC}.Release|Any CPU.Build.0 = Release|Any CPU
		{464AC5AC-36A1-417B-BAFD-AFF2B66E40CC}.Release|x64.ActiveCfg = Release|Any CPU
		{464AC5AC-36A1-417B-BAFD-AFF2B66E40CC}.Release|x64.Build.0 = Release|Any CPU
		{464AC5AC-36A1-417B-BAFD-AFF2B66E40CC}.Release|x86.ActiveCfg = Release|Any CPU
		{464AC5AC-36A1-417B-BAFD-AFF2B66E40CC}.Release|x86.Build.0 = Release|Any CPU
		{E969EE93-08E5-4E9F-8C71-3799842953A1}.Debug|Any CPU.ActiveCfg = Debug|Any CPU
		{E969EE93-08E5-4E9F-8C71-3799842953A1}.Debug|Any CPU.Build.0 = Debug|Any CPU
		{E969EE93-08E5-4E9F-8C71-3799842953A1}.Debug|x64.ActiveCfg = Debug|Any CPU
		{E969EE93-08E5-4E9F-8C71-3799842953A1}.Debug|x64.Build.0 = Debug|Any CPU
		{E969EE93-08E5-4E9F-8C71-3799842953A1}.Debug|x86.ActiveCfg = Debug|Any CPU
		{E969EE93-08E5-4E9F-8C71-3799842953A1}.Debug|x86.Build.0 = Debug|Any CPU
		{E969EE93-08E5-4E9F-8C71-3799842953A1}.Release|Any CPU.ActiveCfg = Release|Any CPU
		{E969EE93-08E5-4E9F-8C71-3799842953A1}.Release|Any CPU.Build.0 = Release|Any CPU
		{E969EE93-08E5-4E9F-8C71-3799842953A1}.Release|x64.ActiveCfg = Release|Any CPU
		{E969EE93-08E5-4E9F-8C71-3799842953A1}.Release|x64.Build.0 = Release|Any CPU
		{E969EE93-08E5-4E9F-8C71-3799842953A1}.Release|x86.ActiveCfg = Release|Any CPU
		{E969EE93-08E5-4E9F-8C71-3799842953A1}.Release|x86.Build.0 = Release|Any CPU
	EndGlobalSection
	GlobalSection(SolutionProperties) = preSolution
		HideSolutionNode = FALSE
	EndGlobalSection
	GlobalSection(NestedProjects) = preSolution
		{EC447DCF-ABFA-6E24-52A5-D7FD48A5C558} = {827E0CD3-B72D-47B6-A68D-7590B98EB39B}
		{C482A0FC-5230-A428-385C-CB0AE2F127AA} = {EC447DCF-ABFA-6E24-52A5-D7FD48A5C558}
		{BE49D996-D115-4399-8B80-0FB48DE9C80F} = {C482A0FC-5230-A428-385C-CB0AE2F127AA}
		{81A0C41F-BB5E-4A09-87C0-5D13BAD7B3D7} = {C482A0FC-5230-A428-385C-CB0AE2F127AA}
		{A3F4463E-AD58-41C1-AF62-E1612362AB90} = {C482A0FC-5230-A428-385C-CB0AE2F127AA}
		{357FD6F1-74D3-4D43-B55C-9E2C0CC6ECAD} = {C482A0FC-5230-A428-385C-CB0AE2F127AA}
		{42926E0C-B187-78B7-30CB-6E832B613613} = {827E0CD3-B72D-47B6-A68D-7590B98EB39B}
		{35F417C1-A5BD-432C-9E10-544D4C1AD290} = {42926E0C-B187-78B7-30CB-6E832B613613}
		{06BDBDBA-070C-4E5D-A753-662938A8AD5B} = {C482A0FC-5230-A428-385C-CB0AE2F127AA}
		{02EA681E-C7D8-13C7-8484-4AC65E1B71E8} = {827E0CD3-B72D-47B6-A68D-7590B98EB39B}
		{6F507A99-4D42-4974-99F1-4A938E137F42} = {02EA681E-C7D8-13C7-8484-4AC65E1B71E8}
		{EDC5BF02-DF06-4E0A-8965-76707713AA4B} = {0AB3BF05-4346-4AA6-1389-037BE0695223}
		{A7329094-00FC-4ACF-91AC-DAC3F4C34939} = {0AB3BF05-4346-4AA6-1389-037BE0695223}
		{2DAA8D8B-7FB4-467D-942D-54B41BE44D4A} = {0AB3BF05-4346-4AA6-1389-037BE0695223}
		{83F6E2D3-3518-4869-BAB8-9B3F305AF2EF} = {0AB3BF05-4346-4AA6-1389-037BE0695223}
		{EF5DCB65-901F-442B-A571-0F541F9DF68C} = {0AB3BF05-4346-4AA6-1389-037BE0695223}
		{30CD8D45-4265-423D-BA1F-B20A57801CA3} = {0AB3BF05-4346-4AA6-1389-037BE0695223}
		{E54149B9-7F22-367F-9CC5-FD829E3AA07B} = {827E0CD3-B72D-47B6-A68D-7590B98EB39B}
		{B0069543-B3CD-484E-896A-36CA7DA905C8} = {E54149B9-7F22-367F-9CC5-FD829E3AA07B}
		{7E06002E-B14A-C358-19D0-0C2A74B78791} = {E54149B9-7F22-367F-9CC5-FD829E3AA07B}
		{B44AC756-7620-4C8C-BB97-EE7940563164} = {7E06002E-B14A-C358-19D0-0C2A74B78791}
		{AD1FB5A8-9064-4B3A-BA06-1DCEE2824E64} = {7E06002E-B14A-C358-19D0-0C2A74B78791}
		{67D85B0B-79F0-4DF8-A0C6-90123941A753} = {7E06002E-B14A-C358-19D0-0C2A74B78791}
		{41C0A2FE-5F60-2EFA-FBCC-8DD5E237BD3F} = {E54149B9-7F22-367F-9CC5-FD829E3AA07B}
		{27E6315A-F9D7-4501-A20D-934B448E40F6} = {41C0A2FE-5F60-2EFA-FBCC-8DD5E237BD3F}
		{3D537778-52E1-4CE5-A21A-56E5FFABA7D2} = {41C0A2FE-5F60-2EFA-FBCC-8DD5E237BD3F}
		{6BE85C6B-E192-4CA7-9240-582C24A43667} = {41C0A2FE-5F60-2EFA-FBCC-8DD5E237BD3F}
		{464AC5AC-36A1-417B-BAFD-AFF2B66E40CC} = {0AB3BF05-4346-4AA6-1389-037BE0695223}
		{E969EE93-08E5-4E9F-8C71-3799842953A1} = {0AB3BF05-4346-4AA6-1389-037BE0695223}
	EndGlobalSection
	GlobalSection(ExtensibilityGlobals) = postSolution
		SolutionGuid = {6AA0D61E-58B0-4529-B16D-19A079DDA409}
	EndGlobalSection
EndGlobal
