
Microsoft Visual Studio Solution File, Format Version 12.00
# Visual Studio Version 17
VisualStudioVersion = 17.0.31903.59
MinimumVisualStudioVersion = 10.0.40219.1
Project("{E53339B2-1760-4266-BCC7-CA923CBCF16C}") = "docker-compose", "docker-compose.dcproj", "{3E4C4C4D-8C8A-4F5E-9B2A-1D3E5F7A9C2B}"
EndProject
Project("{2150E333-8FDC-42A3-9474-1A3956D46DE8}") = "Solution Items", "Solution Items", "{8E6D3F45-7F6D-4B29-9C47-3D4E8B5A1E2F}"
	ProjectSection(SolutionItems) = preProject
		.dockerignore = .dockerignore
		.env.example = .env.example
		.gitignore = .gitignore
		CLAUDE.md = CLAUDE.md
		docker-compose.yml = docker-compose.yml
		README.md = README.md
	EndProjectSection
EndProject
Project("{2150E333-8FDC-42A3-9474-1A3956D46DE8}") = "src", "src", "{827E0CD3-B72D-47B6-A68D-7590B98EB39B}"
EndProject
Project("{2150E333-8FDC-42A3-9474-1A3956D46DE8}") = "Modules", "Modules", "{EC447DCF-ABFA-6E24-52A5-D7FD48A5C558}"
EndProject
Project("{2150E333-8FDC-42A3-9474-1A3956D46DE8}") = "Auth", "Auth", "{C482A0FC-5230-A428-385C-CB0AE2F127AA}"
EndProject
Project("{FAE04EC0-301F-11D3-BF4B-00C04F79EFBC}") = "IFX.Modules.Auth.Domain", "src\Modules\Auth\IFX.Modules.Auth.Domain\IFX.Modules.Auth.Domain.csproj", "{BE49D996-D115-4399-8B80-0FB48DE9C80F}"
EndProject
Project("{FAE04EC0-301F-11D3-BF4B-00C04F79EFBC}") = "IFX.Modules.Auth.Application", "src\Modules\Auth\IFX.Modules.Auth.Application\IFX.Modules.Auth.Application.csproj", "{81A0C41F-BB5E-4A09-87C0-5D13BAD7B3D7}"
EndProject
Project("{FAE04EC0-301F-11D3-BF4B-00C04F79EFBC}") = "IFX.Modules.Auth.Infrastructure", "src\Modules\Auth\IFX.Modules.Auth.Infrastructure\IFX.Modules.Auth.Infrastructure.csproj", "{A3F4463E-AD58-41C1-AF62-E1612362AB90}"
EndProject
Project("{FAE04EC0-301F-11D3-BF4B-00C04F79EFBC}") = "IFX.Modules.Auth.Presentation", "src\Modules\Auth\IFX.Modules.Auth.Presentation\IFX.Modules.Auth.Presentation.csproj", "{357FD6F1-74D3-4D43-B55C-9E2C0CC6ECAD}"
EndProject
Project("{2150E333-8FDC-42A3-9474-1A3956D46DE8}") = "ApiHost", "ApiHost", "{42926E0C-B187-78B7-30CB-6E832B613613}"
EndProject
Project("{FAE04EC0-301F-11D3-BF4B-00C04F79EFBC}") = "IFX.ApiHost", "src\ApiHost\IFX.ApiHost\IFX.ApiHost.csproj", "{35F417C1-A5BD-432C-9E10-544D4C1AD290}"
EndProject
Project("{2150E333-8FDC-42A3-9474-1A3956D46DE8}") = "DatabaseMigrator", "DatabaseMigrator", "{D31A2194-9B47-4A9D-83EF-95A090D4460C}"
EndProject
Project("{FAE04EC0-301F-11D3-BF4B-00C04F79EFBC}") = "IFX.DatabaseMigrator", "src\DatabaseMigrator\IFX.DatabaseMigrator\IFX.DatabaseMigrator.csproj", "{900A4B3A-C3A2-47C3-8764-66901C76FD0C}"
EndProject
Project("{FAE04EC0-301F-11D3-BF4B-00C04F79EFBC}") = "IFX.Modules.Auth.Composition", "src\Modules\Auth\IFX.Modules.Auth.Composition\IFX.Modules.Auth.Composition.csproj", "{06BDBDBA-070C-4E5D-A753-662938A8AD5B}"
EndProject
Project("{2150E333-8FDC-42A3-9474-1A3956D46DE8}") = "BuildingBlocks", "BuildingBlocks", "{02EA681E-C7D8-13C7-8484-4AC65E1B71E8}"
EndProject
Project("{FAE04EC0-301F-11D3-BF4B-00C04F79EFBC}") = "App.Abstractions", "src\BuildingBlocks\App.Abstractions\App.Abstractions.csproj", "{6F507A99-4D42-4974-99F1-4A938E137F42}"
EndProject
Project("{2150E333-8FDC-42A3-9474-1A3956D46DE8}") = "tests", "tests", "{0AB3BF05-4346-4AA6-1389-037BE0695223}"
EndProject
Project("{FAE04EC0-301F-11D3-BF4B-00C04F79EFBC}") = "IFX.Tests.Common", "tests\IFX.Tests.Common\IFX.Tests.Common.csproj", "{EDC5BF02-DF06-4E0A-8965-76707713AA4B}"
EndProject
Project("{FAE04EC0-301F-11D3-BF4B-00C04F79EFBC}") = "IFX.Modules.Auth.Domain.Tests", "tests\IFX.Modules.Auth.Domain.Tests\IFX.Modules.Auth.Domain.Tests.csproj", "{A7329094-00FC-4ACF-91AC-DAC3F4C34939}"
EndProject
Project("{FAE04EC0-301F-11D3-BF4B-00C04F79EFBC}") = "IFX.Modules.Auth.Application.Tests", "tests\IFX.Modules.Auth.Application.Tests\IFX.Modules.Auth.Application.Tests.csproj", "{2DAA8D8B-7FB4-467D-942D-54B41BE44D4A}"
EndProject
Project("{FAE04EC0-301F-11D3-BF4B-00C04F79EFBC}") = "IFX.Modules.Auth.Infrastructure.Tests", "tests\IFX.Modules.Auth.Infrastructure.Tests\IFX.Modules.Auth.Infrastructure.Tests.csproj", "{83F6E2D3-3518-4869-BAB8-9B3F305AF2EF}"
EndProject
Project("{FAE04EC0-301F-11D3-BF4B-00C04F79EFBC}") = "IFX.Modules.Auth.Presentation.Tests", "tests\IFX.Modules.Auth.Presentation.Tests\IFX.Modules.Auth.Presentation.Tests.csproj", "{EF5DCB65-901F-442B-A571-0F541F9DF68C}"
EndProject
Project("{FAE04EC0-301F-11D3-BF4B-00C04F79EFBC}") = "IFX.IntegrationTests", "tests\IFX.IntegrationTests\IFX.IntegrationTests.csproj", "{30CD8D45-4265-423D-BA1F-B20A57801CA3}"
EndProject
Project("{2150E333-8FDC-42A3-9474-1A3956D46DE8}") = "Platform", "Platform", "{4DF80442-A1E5-CC28-AE7B-27B5F9BFE52B}"
EndProject
Project("{FAE04EC0-301F-11D3-BF4B-00C04F79EFBC}") = "IFX.Platform.Shared", "src\Platform\IFX.Platform.Shared\IFX.Platform.Shared.csproj", "{B0069543-B3CD-484E-896A-36CA7DA905C8}"
EndProject
Project("{2150E333-8FDC-42A3-9474-1A3956D46DE8}") = "BackgroundJobs", "BackgroundJobs", "{7E06002E-B14A-C358-19D0-0C2A74B78791}"
EndProject
Project("{FAE04EC0-301F-11D3-BF4B-00C04F79EFBC}") = "IFX.Platform.BackgroundJobs.Infrastructure.Hangfire", "src\Platform\BackgroundJobs\IFX.Platform.BackgroundJobs.Infrastructure.Hangfire\IFX.Platform.BackgroundJobs.Infrastructure.Hangfire.csproj", "{AD1FB5A8-9064-4B3A-BA06-1DCEE2824E64}"
EndProject
Project("{FAE04EC0-301F-11D3-BF4B-00C04F79EFBC}") = "IFX.Platform.BackgroundJobs.Composition", "src\Platform\BackgroundJobs\IFX.Platform.BackgroundJobs.Composition\IFX.Platform.BackgroundJobs.Composition.csproj", "{67D85B0B-79F0-4DF8-A0C6-90123941A753}"
EndProject
Project("{2150E333-8FDC-42A3-9474-1A3956D46DE8}") = "Notifications", "Notifications", "{41C0A2FE-5F60-2EFA-FBCC-8DD5E237BD3F}"
EndProject
Project("{FAE04EC0-301F-11D3-BF4B-00C04F79EFBC}") = "IFX.Platform.Notifications.Infrastructure.SendGrid", "src\Platform\Notifications\IFX.Platform.Notifications.Infrastructure.SendGrid\IFX.Platform.Notifications.Infrastructure.SendGrid.csproj", "{3D537778-52E1-4CE5-A21A-56E5FFABA7D2}"
EndProject
Project("{FAE04EC0-301F-11D3-BF4B-00C04F79EFBC}") = "IFX.Platform.Notifications.Composition", "src\Platform\Notifications\IFX.Platform.Notifications.Composition\IFX.Platform.Notifications.Composition.csproj", "{6BE85C6B-E192-4CA7-9240-582C24A43667}"
EndProject
Project("{FAE04EC0-301F-11D3-BF4B-00C04F79EFBC}") = "IFX.Platform.BackgroundJobs.Tests", "tests\IFX.Platform.BackgroundJobs.Tests\IFX.Platform.BackgroundJobs.Tests.csproj", "{464AC5AC-36A1-417B-BAFD-AFF2B66E40CC}"
EndProject
Project("{FAE04EC0-301F-11D3-BF4B-00C04F79EFBC}") = "IFX.Platform.Notifications.Tests", "tests\IFX.Platform.Notifications.Tests\IFX.Platform.Notifications.Tests.csproj", "{E969EE93-08E5-4E9F-8C71-3799842953A1}"
EndProject
Project("{FAE04EC0-301F-11D3-BF4B-00C04F79EFBC}") = "IFX.BuildingBlocks.Security", "src\BuildingBlocks\IFX.BuildingBlocks.Security\IFX.BuildingBlocks.Security.csproj", "{F46610DB-B403-46AA-9CF4-B91E78F00C21}"
EndProject
Project("{2150E333-8FDC-42A3-9474-1A3956D46DE8}") = "Messaging", "Messaging", "{F4B77574-35F5-F988-E691-31E7FE53D124}"
EndProject
Project("{FAE04EC0-301F-11D3-BF4B-00C04F79EFBC}") = "IFX.Platform.Messaging.Composition", "src\Platform\Messaging\IFX.Platform.Messaging.Composition\IFX.Platform.Messaging.Composition.csproj", "{8556A38F-5EB5-49F3-8859-85E49214567C}"
EndProject
Project("{2150E333-8FDC-42A3-9474-1A3956D46DE8}") = "CRM", "CRM", "{74A88F64-4FE5-4D93-6FC0-D1D799FA3323}"
EndProject
Project("{FAE04EC0-301F-11D3-BF4B-00C04F79EFBC}") = "IFX.Modules.CRM.Domain", "src\Modules\CRM\IFX.Modules.CRM.Domain\IFX.Modules.CRM.Domain.csproj", "{A395833C-CF14-443A-90A5-E5F9E0F5D256}"
EndProject
Project("{FAE04EC0-301F-11D3-BF4B-00C04F79EFBC}") = "IFX.Modules.CRM.Application", "src\Modules\CRM\IFX.Modules.CRM.Application\IFX.Modules.CRM.Application.csproj", "{7EF33467-E390-4415-89D9-625FA5575C98}"
EndProject
Project("{FAE04EC0-301F-11D3-BF4B-00C04F79EFBC}") = "IFX.Modules.CRM.Infrastructure", "src\Modules\CRM\IFX.Modules.CRM.Infrastructure\IFX.Modules.CRM.Infrastructure.csproj", "{570A7159-AD49-4471-AC6B-C42A3733AC2C}"
EndProject
Project("{FAE04EC0-301F-11D3-BF4B-00C04F79EFBC}") = "IFX.Modules.CRM.Presentation", "src\Modules\CRM\IFX.Modules.CRM.Presentation\IFX.Modules.CRM.Presentation.csproj", "{D71AC20B-F42C-4539-88C1-C0DA25EFC8CA}"
EndProject
Project("{FAE04EC0-301F-11D3-BF4B-00C04F79EFBC}") = "IFX.Modules.CRM.Composition", "src\Modules\CRM\IFX.Modules.CRM.Composition\IFX.Modules.CRM.Composition.csproj", "{471382FC-C2B1-4698-81A9-67B218DD3EB3}"
EndProject
Project("{2150E333-8FDC-42A3-9474-1A3956D46DE8}") = "Registry", "Registry", "{9CF5F25C-187B-30C2-7E42-155EC72F1A5E}"
EndProject
Project("{FAE04EC0-301F-11D3-BF4B-00C04F79EFBC}") = "IFX.Modules.Registry.Domain", "src\Modules\Registry\IFX.Modules.Registry.Domain\IFX.Modules.Registry.Domain.csproj", "{8DF40606-01A8-4E4C-B156-466835E4433F}"
EndProject
Project("{FAE04EC0-301F-11D3-BF4B-00C04F79EFBC}") = "IFX.Modules.Registry.Application", "src\Modules\Registry\IFX.Modules.Registry.Application\IFX.Modules.Registry.Application.csproj", "{CA45C9DF-F8CD-48AE-BF6B-B7C355AB8F39}"
EndProject
Project("{FAE04EC0-301F-11D3-BF4B-00C04F79EFBC}") = "IFX.Modules.Registry.Infrastructure", "src\Modules\Registry\IFX.Modules.Registry.Infrastructure\IFX.Modules.Registry.Infrastructure.csproj", "{8A636900-0310-4CAC-8E85-B6A300B936F9}"
EndProject
Project("{FAE04EC0-301F-11D3-BF4B-00C04F79EFBC}") = "IFX.Modules.Registry.Presentation", "src\Modules\Registry\IFX.Modules.Registry.Presentation\IFX.Modules.Registry.Presentation.csproj", "{59267AA3-AE8F-4921-B524-30570E40D443}"
EndProject
Project("{FAE04EC0-301F-11D3-BF4B-00C04F79EFBC}") = "IFX.Modules.Registry.Composition", "src\Modules\Registry\IFX.Modules.Registry.Composition\IFX.Modules.Registry.Composition.csproj", "{BDCC12B2-929F-4483-B282-17DDCE211F15}"
EndProject
Project("{2150E333-8FDC-42A3-9474-1A3956D46DE8}") = "Transaction", "Transaction", "{1B582752-51A5-9834-41AD-250D8F8FB14A}"
EndProject
Project("{2150E333-8FDC-42A3-9474-1A3956D46DE8}") = "Holdings", "Holdings", "{DFCEABFC-34EF-04DD-56C3-43CAB765EEB6}"
EndProject
Project("{FAE04EC0-301F-11D3-BF4B-00C04F79EFBC}") = "IFX.Modules.Holdings.Domain", "src\Modules\Holdings\IFX.Modules.Holdings.Domain\IFX.Modules.Holdings.Domain.csproj", "{5C5821E3-54D3-4BF7-9D97-6679B824AA08}"
EndProject
Project("{FAE04EC0-301F-11D3-BF4B-00C04F79EFBC}") = "IFX.Modules.Holdings.Application", "src\Modules\Holdings\IFX.Modules.Holdings.Application\IFX.Modules.Holdings.Application.csproj", "{54DAC6EB-56A6-43FD-B923-DCDFD9CE8F83}"
EndProject
Project("{FAE04EC0-301F-11D3-BF4B-00C04F79EFBC}") = "IFX.Modules.Holdings.Infrastructure", "src\Modules\Holdings\IFX.Modules.Holdings.Infrastructure\IFX.Modules.Holdings.Infrastructure.csproj", "{4FF93CD3-EEAC-462B-8841-C73D9184AA23}"
EndProject
Project("{FAE04EC0-301F-11D3-BF4B-00C04F79EFBC}") = "IFX.Modules.Holdings.Presentation", "src\Modules\Holdings\IFX.Modules.Holdings.Presentation\IFX.Modules.Holdings.Presentation.csproj", "{4B3E5F1D-CF8C-4362-8347-974F10DEDB93}"
EndProject
Project("{FAE04EC0-301F-11D3-BF4B-00C04F79EFBC}") = "IFX.Modules.Holdings.Composition", "src\Modules\Holdings\IFX.Modules.Holdings.Composition\IFX.Modules.Holdings.Composition.csproj", "{3E396046-41CF-4E88-A1F1-72CC797966B6}"
EndProject
Project("{FAE04EC0-301F-11D3-BF4B-00C04F79EFBC}") = "IFX.Modules.Transaction.Domain", "src\Modules\Transaction\IFX.Modules.Transaction.Domain\IFX.Modules.Transaction.Domain.csproj", "{D9C9954E-BAB7-4736-88AB-9C429DAC27D9}"
EndProject
Project("{FAE04EC0-301F-11D3-BF4B-00C04F79EFBC}") = "IFX.Modules.Transaction.Application", "src\Modules\Transaction\IFX.Modules.Transaction.Application\IFX.Modules.Transaction.Application.csproj", "{158A9562-6DCF-464B-9DB5-EAF26161AEC8}"
EndProject
Project("{FAE04EC0-301F-11D3-BF4B-00C04F79EFBC}") = "IFX.Modules.Transaction.Infrastructure", "src\Modules\Transaction\IFX.Modules.Transaction.Infrastructure\IFX.Modules.Transaction.Infrastructure.csproj", "{AF653D1B-AB06-4803-AEC0-364A1B55248C}"
EndProject
Project("{FAE04EC0-301F-11D3-BF4B-00C04F79EFBC}") = "IFX.Modules.Transaction.Presentation", "src\Modules\Transaction\IFX.Modules.Transaction.Presentation\IFX.Modules.Transaction.Presentation.csproj", "{B0F26AFC-67B0-4A58-B8C8-3AF1617EC7E7}"
EndProject
Project("{FAE04EC0-301F-11D3-BF4B-00C04F79EFBC}") = "IFX.Modules.Transaction.Composition", "src\Modules\Transaction\IFX.Modules.Transaction.Composition\IFX.Modules.Transaction.Composition.csproj", "{1F41FC66-221B-4970-BC1E-24398998E222}"
EndProject
Project("{FAE04EC0-301F-11D3-BF4B-00C04F79EFBC}") = "IFX.BuildingBlocks.Domain", "src\BuildingBlocks\IFX.BuildingBlocks.Domain\IFX.BuildingBlocks.Domain.csproj", "{305ABE0E-EB92-48C9-863A-671A4B103104}"
EndProject
Project("{FAE04EC0-301F-11D3-BF4B-00C04F79EFBC}") = "IFX.Modules.CRM.Domain.Tests", "tests\IFX.Modules.CRM.Domain.Tests\IFX.Modules.CRM.Domain.Tests.csproj", "{F5F1917E-E0EA-4D42-8D21-155D741675BC}"
EndProject
Project("{FAE04EC0-301F-11D3-BF4B-00C04F79EFBC}") = "IFX.Modules.CRM.Application.Tests", "tests\IFX.Modules.CRM.Application.Tests\IFX.Modules.CRM.Application.Tests.csproj", "{43350719-25D9-4033-8B88-BBBEA5949C50}"
EndProject
Project("{FAE04EC0-301F-11D3-BF4B-00C04F79EFBC}") = "IFX.Modules.Registry.Domain.Tests", "tests\IFX.Modules.Registry.Domain.Tests\IFX.Modules.Registry.Domain.Tests.csproj", "{A0D3D0F0-11F9-4CC6-92C8-F5AB886CFD99}"
EndProject
Project("{FAE04EC0-301F-11D3-BF4B-00C04F79EFBC}") = "IFX.Modules.Registry.Application.Tests", "tests\IFX.Modules.Registry.Application.Tests\IFX.Modules.Registry.Application.Tests.csproj", "{59CA0FB4-C78C-4933-8953-E47D21C56168}"
EndProject
Project("{FAE04EC0-301F-11D3-BF4B-00C04F79EFBC}") = "IFX.Modules.Holdings.Domain.Tests", "tests\IFX.Modules.Holdings.Domain.Tests\IFX.Modules.Holdings.Domain.Tests.csproj", "{789256D2-7B2B-43CD-B021-D71256D11DA9}"
EndProject
Project("{FAE04EC0-301F-11D3-BF4B-00C04F79EFBC}") = "IFX.Modules.Transaction.Domain.Tests", "tests\IFX.Modules.Transaction.Domain.Tests\IFX.Modules.Transaction.Domain.Tests.csproj", "{EE223F0D-5C24-4D30-B79B-542B99E75488}"
EndProject
Project("{FAE04EC0-301F-11D3-BF4B-00C04F79EFBC}") = "IFX.Modules.Transaction.Application.Tests", "tests\IFX.Modules.Transaction.Application.Tests\IFX.Modules.Transaction.Application.Tests.csproj", "{70B53EDE-23EC-4CA2-B754-AFEE2138108C}"
EndProject
Project("{FAE04EC0-301F-11D3-BF4B-00C04F79EFBC}") = "IFX.Modules.Holdings.Application.Tests", "tests\IFX.Modules.Holdings.Application.Tests\IFX.Modules.Holdings.Application.Tests.csproj", "{54B544B6-F1FE-4F4C-9E3B-9F5A08B293D6}"
EndProject
Project("{FAE04EC0-301F-11D3-BF4B-00C04F79EFBC}") = "IFX.BuildingBlocks.Application", "src\BuildingBlocks\IFX.BuildingBlocks.Application\IFX.BuildingBlocks.Application.csproj", "{9E5640E0-5A0D-46A5-991E-ED1802E8A823}"
EndProject
Project("{FAE04EC0-301F-11D3-BF4B-00C04F79EFBC}") = "IFX.BuildingBlocks.EntityFrameworkCore", "src\BuildingBlocks\IFX.BuildingBlocks.EntityFrameworkCore\IFX.BuildingBlocks.EntityFrameworkCore.csproj", "{BDBA58A1-C5D9-4949-98CA-71A7F131D916}"
EndProject
Project("{FAE04EC0-301F-11D3-BF4B-00C04F79EFBC}") = "IFX.BuildingBlocks.Application.Tests", "tests\IFX.BuildingBlocks.Application.Tests\IFX.BuildingBlocks.Application.Tests.csproj", "{4DC3BAED-6DD7-4268-BB7C-CCDCFE2C1944}"
EndProject
Project("{FAE04EC0-301F-11D3-BF4B-00C04F79EFBC}") = "IFX.BuildingBlocks.EntityFrameworkCore.Tests", "tests\IFX.BuildingBlocks.EntityFrameworkCore.Tests\IFX.BuildingBlocks.EntityFrameworkCore.Tests.csproj", "{47650DA1-BC12-4D17-8016-77AC3E1BA11C}"
EndProject
Project("{FAE04EC0-301F-11D3-BF4B-00C04F79EFBC}") = "IFX.DatabaseBoundary.Tests", "tests\IFX.DatabaseBoundary.Tests\IFX.DatabaseBoundary.Tests.csproj", "{6C91E8E2-2D38-4A91-8A4F-0297B9D51A74}"
EndProject
Project("{2150E333-8FDC-42A3-9474-1A3956D46DE8}") = "Context", "Context", "{95007249-5919-0C79-44D7-2A87469DF0DE}"
EndProject
Project("{FAE04EC0-301F-11D3-BF4B-00C04F79EFBC}") = "IFX.Platform.Context.Contracts", "src\Platform\Context\IFX.Platform.Context.Contracts\IFX.Platform.Context.Contracts.csproj", "{599378F6-1525-4AE7-BD03-DA8626ED8F4C}"
EndProject
Project("{FAE04EC0-301F-11D3-BF4B-00C04F79EFBC}") = "IFX.Platform.Messaging.Contracts", "src\Platform\Messaging\IFX.Platform.Messaging.Contracts\IFX.Platform.Messaging.Contracts.csproj", "{7AF22671-4907-415F-98E9-C25622147120}"
EndProject
Project("{FAE04EC0-301F-11D3-BF4B-00C04F79EFBC}") = "IFX.Platform.Messaging.Runtime", "src\Platform\Messaging\IFX.Platform.Messaging.Runtime\IFX.Platform.Messaging.Runtime.csproj", "{43EC9A95-3F61-4D9B-B2A4-208818548B32}"
EndProject
Project("{FAE04EC0-301F-11D3-BF4B-00C04F79EFBC}") = "IFX.Modules.Registry.Contracts", "src\Modules\Registry\IFX.Modules.Registry.Contracts\IFX.Modules.Registry.Contracts.csproj", "{DC8EF42C-BC89-45B4-B5B0-09EE859DFD55}"
EndProject
Project("{FAE04EC0-301F-11D3-BF4B-00C04F79EFBC}") = "IFX.Modules.Transaction.Contracts", "src\Modules\Transaction\IFX.Modules.Transaction.Contracts\IFX.Modules.Transaction.Contracts.csproj", "{9BD27E36-2638-40CB-A797-A3AF7E9AB39A}"
EndProject
Project("{FAE04EC0-301F-11D3-BF4B-00C04F79EFBC}") = "IFX.Platform.ProtocolContracts.Tests", "tests\IFX.Platform.ProtocolContracts.Tests\IFX.Platform.ProtocolContracts.Tests.csproj", "{C0E40E8F-7F69-4727-9441-65B4E34C5872}"
EndProject
Project("{FAE04EC0-301F-11D3-BF4B-00C04F79EFBC}") = "IFX.Platform.BackgroundJobs.Contracts", "src\Platform\BackgroundJobs\IFX.Platform.BackgroundJobs.Contracts\IFX.Platform.BackgroundJobs.Contracts.csproj", "{74ECAF46-D1C3-4FF8-A558-E186F209D2BB}"
EndProject
Project("{FAE04EC0-301F-11D3-BF4B-00C04F79EFBC}") = "IFX.Platform.Notifications.Contracts", "src\Platform\Notifications\IFX.Platform.Notifications.Contracts\IFX.Platform.Notifications.Contracts.csproj", "{7B984E49-F9FA-4191-891F-1AB74B05381B}"
EndProject
Global
	GlobalSection(SolutionConfigurationPlatforms) = preSolution
		Debug|Any CPU = Debug|Any CPU
		Debug|x64 = Debug|x64
		Debug|x86 = Debug|x86
		Release|Any CPU = Release|Any CPU
		Release|x64 = Release|x64
		Release|x86 = Release|x86
	EndGlobalSection
	GlobalSection(ProjectConfigurationPlatforms) = postSolution
		{3E4C4C4D-8C8A-4F5E-9B2A-1D3E5F7A9C2B}.Debug|Any CPU.ActiveCfg = Debug|Any CPU
		{3E4C4C4D-8C8A-4F5E-9B2A-1D3E5F7A9C2B}.Debug|Any CPU.Build.0 = Debug|Any CPU
		{3E4C4C4D-8C8A-4F5E-9B2A-1D3E5F7A9C2B}.Debug|x64.ActiveCfg = Debug|Any CPU
		{3E4C4C4D-8C8A-4F5E-9B2A-1D3E5F7A9C2B}.Debug|x64.Build.0 = Debug|Any CPU
		{3E4C4C4D-8C8A-4F5E-9B2A-1D3E5F7A9C2B}.Debug|x86.ActiveCfg = Debug|Any CPU
		{3E4C4C4D-8C8A-4F5E-9B2A-1D3E5F7A9C2B}.Debug|x86.Build.0 = Debug|Any CPU
		{3E4C4C4D-8C8A-4F5E-9B2A-1D3E5F7A9C2B}.Release|Any CPU.ActiveCfg = Release|Any CPU
		{3E4C4C4D-8C8A-4F5E-9B2A-1D3E5F7A9C2B}.Release|Any CPU.Build.0 = Release|Any CPU
		{3E4C4C4D-8C8A-4F5E-9B2A-1D3E5F7A9C2B}.Release|x64.ActiveCfg = Release|Any CPU
		{3E4C4C4D-8C8A-4F5E-9B2A-1D3E5F7A9C2B}.Release|x64.Build.0 = Release|Any CPU
		{3E4C4C4D-8C8A-4F5E-9B2A-1D3E5F7A9C2B}.Release|x86.ActiveCfg = Release|Any CPU
		{3E4C4C4D-8C8A-4F5E-9B2A-1D3E5F7A9C2B}.Release|x86.Build.0 = Release|Any CPU
		{BE49D996-D115-4399-8B80-0FB48DE9C80F}.Debug|Any CPU.ActiveCfg = Debug|Any CPU
		{BE49D996-D115-4399-8B80-0FB48DE9C80F}.Debug|Any CPU.Build.0 = Debug|Any CPU
		{BE49D996-D115-4399-8B80-0FB48DE9C80F}.Debug|x64.ActiveCfg = Debug|Any CPU
		{BE49D996-D115-4399-8B80-0FB48DE9C80F}.Debug|x64.Build.0 = Debug|Any CPU
		{BE49D996-D115-4399-8B80-0FB48DE9C80F}.Debug|x86.ActiveCfg = Debug|Any CPU
		{BE49D996-D115-4399-8B80-0FB48DE9C80F}.Debug|x86.Build.0 = Debug|Any CPU
		{BE49D996-D115-4399-8B80-0FB48DE9C80F}.Release|Any CPU.ActiveCfg = Release|Any CPU
		{BE49D996-D115-4399-8B80-0FB48DE9C80F}.Release|Any CPU.Build.0 = Release|Any CPU
		{BE49D996-D115-4399-8B80-0FB48DE9C80F}.Release|x64.ActiveCfg = Release|Any CPU
		{BE49D996-D115-4399-8B80-0FB48DE9C80F}.Release|x64.Build.0 = Release|Any CPU
		{BE49D996-D115-4399-8B80-0FB48DE9C80F}.Release|x86.ActiveCfg = Release|Any CPU
		{BE49D996-D115-4399-8B80-0FB48DE9C80F}.Release|x86.Build.0 = Release|Any CPU
		{81A0C41F-BB5E-4A09-87C0-5D13BAD7B3D7}.Debug|Any CPU.ActiveCfg = Debug|Any CPU
		{81A0C41F-BB5E-4A09-87C0-5D13BAD7B3D7}.Debug|Any CPU.Build.0 = Debug|Any CPU
		{81A0C41F-BB5E-4A09-87C0-5D13BAD7B3D7}.Debug|x64.ActiveCfg = Debug|Any CPU
		{81A0C41F-BB5E-4A09-87C0-5D13BAD7B3D7}.Debug|x64.Build.0 = Debug|Any CPU
		{81A0C41F-BB5E-4A09-87C0-5D13BAD7B3D7}.Debug|x86.ActiveCfg = Debug|Any CPU
		{81A0C41F-BB5E-4A09-87C0-5D13BAD7B3D7}.Debug|x86.Build.0 = Debug|Any CPU
		{81A0C41F-BB5E-4A09-87C0-5D13BAD7B3D7}.Release|Any CPU.ActiveCfg = Release|Any CPU
		{81A0C41F-BB5E-4A09-87C0-5D13BAD7B3D7}.Release|Any CPU.Build.0 = Release|Any CPU
		{81A0C41F-BB5E-4A09-87C0-5D13BAD7B3D7}.Release|x64.ActiveCfg = Release|Any CPU
		{81A0C41F-BB5E-4A09-87C0-5D13BAD7B3D7}.Release|x64.Build.0 = Release|Any CPU
		{81A0C41F-BB5E-4A09-87C0-5D13BAD7B3D7}.Release|x86.ActiveCfg = Release|Any CPU
		{81A0C41F-BB5E-4A09-87C0-5D13BAD7B3D7}.Release|x86.Build.0 = Release|Any CPU
		{A3F4463E-AD58-41C1-AF62-E1612362AB90}.Debug|Any CPU.ActiveCfg = Debug|Any CPU
		{A3F4463E-AD58-41C1-AF62-E1612362AB90}.Debug|Any CPU.Build.0 = Debug|Any CPU
		{A3F4463E-AD58-41C1-AF62-E1612362AB90}.Debug|x64.ActiveCfg = Debug|Any CPU
		{A3F4463E-AD58-41C1-AF62-E1612362AB90}.Debug|x64.Build.0 = Debug|Any CPU
		{A3F4463E-AD58-41C1-AF62-E1612362AB90}.Debug|x86.ActiveCfg = Debug|Any CPU
		{A3F4463E-AD58-41C1-AF62-E1612362AB90}.Debug|x86.Build.0 = Debug|Any CPU
		{A3F4463E-AD58-41C1-AF62-E1612362AB90}.Release|Any CPU.ActiveCfg = Release|Any CPU
		{A3F4463E-AD58-41C1-AF62-E1612362AB90}.Release|Any CPU.Build.0 = Release|Any CPU
		{A3F4463E-AD58-41C1-AF62-E1612362AB90}.Release|x64.ActiveCfg = Release|Any CPU
		{A3F4463E-AD58-41C1-AF62-E1612362AB90}.Release|x64.Build.0 = Release|Any CPU
		{A3F4463E-AD58-41C1-AF62-E1612362AB90}.Release|x86.ActiveCfg = Release|Any CPU
		{A3F4463E-AD58-41C1-AF62-E1612362AB90}.Release|x86.Build.0 = Release|Any CPU
		{357FD6F1-74D3-4D43-B55C-9E2C0CC6ECAD}.Debug|Any CPU.ActiveCfg = Debug|Any CPU
		{357FD6F1-74D3-4D43-B55C-9E2C0CC6ECAD}.Debug|Any CPU.Build.0 = Debug|Any CPU
		{357FD6F1-74D3-4D43-B55C-9E2C0CC6ECAD}.Debug|x64.ActiveCfg = Debug|Any CPU
		{357FD6F1-74D3-4D43-B55C-9E2C0CC6ECAD}.Debug|x64.Build.0 = Debug|Any CPU
		{357FD6F1-74D3-4D43-B55C-9E2C0CC6ECAD}.Debug|x86.ActiveCfg = Debug|Any CPU
		{357FD6F1-74D3-4D43-B55C-9E2C0CC6ECAD}.Debug|x86.Build.0 = Debug|Any CPU
		{357FD6F1-74D3-4D43-B55C-9E2C0CC6ECAD}.Release|Any CPU.ActiveCfg = Release|Any CPU
		{357FD6F1-74D3-4D43-B55C-9E2C0CC6ECAD}.Release|Any CPU.Build.0 = Release|Any CPU
		{357FD6F1-74D3-4D43-B55C-9E2C0CC6ECAD}.Release|x64.ActiveCfg = Release|Any CPU
		{357FD6F1-74D3-4D43-B55C-9E2C0CC6ECAD}.Release|x64.Build.0 = Release|Any CPU
		{357FD6F1-74D3-4D43-B55C-9E2C0CC6ECAD}.Release|x86.ActiveCfg = Release|Any CPU
		{357FD6F1-74D3-4D43-B55C-9E2C0CC6ECAD}.Release|x86.Build.0 = Release|Any CPU
		{35F417C1-A5BD-432C-9E10-544D4C1AD290}.Debug|Any CPU.ActiveCfg = Debug|Any CPU
		{35F417C1-A5BD-432C-9E10-544D4C1AD290}.Debug|Any CPU.Build.0 = Debug|Any CPU
		{35F417C1-A5BD-432C-9E10-544D4C1AD290}.Debug|x64.ActiveCfg = Debug|Any CPU
		{35F417C1-A5BD-432C-9E10-544D4C1AD290}.Debug|x64.Build.0 = Debug|Any CPU
		{35F417C1-A5BD-432C-9E10-544D4C1AD290}.Debug|x86.ActiveCfg = Debug|Any CPU
		{35F417C1-A5BD-432C-9E10-544D4C1AD290}.Debug|x86.Build.0 = Debug|Any CPU
		{35F417C1-A5BD-432C-9E10-544D4C1AD290}.Release|Any CPU.ActiveCfg = Release|Any CPU
		{35F417C1-A5BD-432C-9E10-544D4C1AD290}.Release|Any CPU.Build.0 = Release|Any CPU
		{35F417C1-A5BD-432C-9E10-544D4C1AD290}.Release|x64.ActiveCfg = Release|Any CPU
		{35F417C1-A5BD-432C-9E10-544D4C1AD290}.Release|x64.Build.0 = Release|Any CPU
		{35F417C1-A5BD-432C-9E10-544D4C1AD290}.Release|x86.ActiveCfg = Release|Any CPU
		{35F417C1-A5BD-432C-9E10-544D4C1AD290}.Release|x86.Build.0 = Release|Any CPU
		{900A4B3A-C3A2-47C3-8764-66901C76FD0C}.Debug|Any CPU.ActiveCfg = Debug|Any CPU
		{900A4B3A-C3A2-47C3-8764-66901C76FD0C}.Debug|Any CPU.Build.0 = Debug|Any CPU
		{900A4B3A-C3A2-47C3-8764-66901C76FD0C}.Debug|x64.ActiveCfg = Debug|Any CPU
		{900A4B3A-C3A2-47C3-8764-66901C76FD0C}.Debug|x64.Build.0 = Debug|Any CPU
		{900A4B3A-C3A2-47C3-8764-66901C76FD0C}.Debug|x86.ActiveCfg = Debug|Any CPU
		{900A4B3A-C3A2-47C3-8764-66901C76FD0C}.Debug|x86.Build.0 = Debug|Any CPU
		{900A4B3A-C3A2-47C3-8764-66901C76FD0C}.Release|Any CPU.ActiveCfg = Release|Any CPU
		{900A4B3A-C3A2-47C3-8764-66901C76FD0C}.Release|Any CPU.Build.0 = Release|Any CPU
		{900A4B3A-C3A2-47C3-8764-66901C76FD0C}.Release|x64.ActiveCfg = Release|Any CPU
		{900A4B3A-C3A2-47C3-8764-66901C76FD0C}.Release|x64.Build.0 = Release|Any CPU
		{900A4B3A-C3A2-47C3-8764-66901C76FD0C}.Release|x86.ActiveCfg = Release|Any CPU
		{900A4B3A-C3A2-47C3-8764-66901C76FD0C}.Release|x86.Build.0 = Release|Any CPU
		{06BDBDBA-070C-4E5D-A753-662938A8AD5B}.Debug|Any CPU.ActiveCfg = Debug|Any CPU
		{06BDBDBA-070C-4E5D-A753-662938A8AD5B}.Debug|Any CPU.Build.0 = Debug|Any CPU
		{06BDBDBA-070C-4E5D-A753-662938A8AD5B}.Debug|x64.ActiveCfg = Debug|Any CPU
		{06BDBDBA-070C-4E5D-A753-662938A8AD5B}.Debug|x64.Build.0 = Debug|Any CPU
		{06BDBDBA-070C-4E5D-A753-662938A8AD5B}.Debug|x86.ActiveCfg = Debug|Any CPU
		{06BDBDBA-070C-4E5D-A753-662938A8AD5B}.Debug|x86.Build.0 = Debug|Any CPU
		{06BDBDBA-070C-4E5D-A753-662938A8AD5B}.Release|Any CPU.ActiveCfg = Release|Any CPU
		{06BDBDBA-070C-4E5D-A753-662938A8AD5B}.Release|Any CPU.Build.0 = Release|Any CPU
		{06BDBDBA-070C-4E5D-A753-662938A8AD5B}.Release|x64.ActiveCfg = Release|Any CPU
		{06BDBDBA-070C-4E5D-A753-662938A8AD5B}.Release|x64.Build.0 = Release|Any CPU
		{06BDBDBA-070C-4E5D-A753-662938A8AD5B}.Release|x86.ActiveCfg = Release|Any CPU
		{06BDBDBA-070C-4E5D-A753-662938A8AD5B}.Release|x86.Build.0 = Release|Any CPU
		{6F507A99-4D42-4974-99F1-4A938E137F42}.Debug|Any CPU.ActiveCfg = Debug|Any CPU
		{6F507A99-4D42-4974-99F1-4A938E137F42}.Debug|Any CPU.Build.0 = Debug|Any CPU
		{6F507A99-4D42-4974-99F1-4A938E137F42}.Debug|x64.ActiveCfg = Debug|Any CPU
		{6F507A99-4D42-4974-99F1-4A938E137F42}.Debug|x64.Build.0 = Debug|Any CPU
		{6F507A99-4D42-4974-99F1-4A938E137F42}.Debug|x86.ActiveCfg = Debug|Any CPU
		{6F507A99-4D42-4974-99F1-4A938E137F42}.Debug|x86.Build.0 = Debug|Any CPU
		{6F507A99-4D42-4974-99F1-4A938E137F42}.Release|Any CPU.ActiveCfg = Release|Any CPU
		{6F507A99-4D42-4974-99F1-4A938E137F42}.Release|Any CPU.Build.0 = Release|Any CPU
		{6F507A99-4D42-4974-99F1-4A938E137F42}.Release|x64.ActiveCfg = Release|Any CPU
		{6F507A99-4D42-4974-99F1-4A938E137F42}.Release|x64.Build.0 = Release|Any CPU
		{6F507A99-4D42-4974-99F1-4A938E137F42}.Release|x86.ActiveCfg = Release|Any CPU
		{6F507A99-4D42-4974-99F1-4A938E137F42}.Release|x86.Build.0 = Release|Any CPU
		{EDC5BF02-DF06-4E0A-8965-76707713AA4B}.Debug|Any CPU.ActiveCfg = Debug|Any CPU
		{EDC5BF02-DF06-4E0A-8965-76707713AA4B}.Debug|Any CPU.Build.0 = Debug|Any CPU
		{EDC5BF02-DF06-4E0A-8965-76707713AA4B}.Debug|x64.ActiveCfg = Debug|Any CPU
		{EDC5BF02-DF06-4E0A-8965-76707713AA4B}.Debug|x64.Build.0 = Debug|Any CPU
		{EDC5BF02-DF06-4E0A-8965-76707713AA4B}.Debug|x86.ActiveCfg = Debug|Any CPU
		{EDC5BF02-DF06-4E0A-8965-76707713AA4B}.Debug|x86.Build.0 = Debug|Any CPU
		{EDC5BF02-DF06-4E0A-8965-76707713AA4B}.Release|Any CPU.ActiveCfg = Release|Any CPU
		{EDC5BF02-DF06-4E0A-8965-76707713AA4B}.Release|Any CPU.Build.0 = Release|Any CPU
		{EDC5BF02-DF06-4E0A-8965-76707713AA4B}.Release|x64.ActiveCfg = Release|Any CPU
		{EDC5BF02-DF06-4E0A-8965-76707713AA4B}.Release|x64.Build.0 = Release|Any CPU
		{EDC5BF02-DF06-4E0A-8965-76707713AA4B}.Release|x86.ActiveCfg = Release|Any CPU
		{EDC5BF02-DF06-4E0A-8965-76707713AA4B}.Release|x86.Build.0 = Release|Any CPU
		{A7329094-00FC-4ACF-91AC-DAC3F4C34939}.Debug|Any CPU.ActiveCfg = Debug|Any CPU
		{A7329094-00FC-4ACF-91AC-DAC3F4C34939}.Debug|Any CPU.Build.0 = Debug|Any CPU
		{A7329094-00FC-4ACF-91AC-DAC3F4C34939}.Debug|x64.ActiveCfg = Debug|Any CPU
		{A7329094-00FC-4ACF-91AC-DAC3F4C34939}.Debug|x64.Build.0 = Debug|Any CPU
		{A7329094-00FC-4ACF-91AC-DAC3F4C34939}.Debug|x86.ActiveCfg = Debug|Any CPU
		{A7329094-00FC-4ACF-91AC-DAC3F4C34939}.Debug|x86.Build.0 = Debug|Any CPU
		{A7329094-00FC-4ACF-91AC-DAC3F4C34939}.Release|Any CPU.ActiveCfg = Release|Any CPU
		{A7329094-00FC-4ACF-91AC-DAC3F4C34939}.Release|Any CPU.Build.0 = Release|Any CPU
		{A7329094-00FC-4ACF-91AC-DAC3F4C34939}.Release|x64.ActiveCfg = Release|Any CPU
		{A7329094-00FC-4ACF-91AC-DAC3F4C34939}.Release|x64.Build.0 = Release|Any CPU
		{A7329094-00FC-4ACF-91AC-DAC3F4C34939}.Release|x86.ActiveCfg = Release|Any CPU
		{A7329094-00FC-4ACF-91AC-DAC3F4C34939}.Release|x86.Build.0 = Release|Any CPU
		{2DAA8D8B-7FB4-467D-942D-54B41BE44D4A}.Debug|Any CPU.ActiveCfg = Debug|Any CPU
		{2DAA8D8B-7FB4-467D-942D-54B41BE44D4A}.Debug|Any CPU.Build.0 = Debug|Any CPU
		{2DAA8D8B-7FB4-467D-942D-54B41BE44D4A}.Debug|x64.ActiveCfg = Debug|Any CPU
		{2DAA8D8B-7FB4-467D-942D-54B41BE44D4A}.Debug|x64.Build.0 = Debug|Any CPU
		{2DAA8D8B-7FB4-467D-942D-54B41BE44D4A}.Debug|x86.ActiveCfg = Debug|Any CPU
		{2DAA8D8B-7FB4-467D-942D-54B41BE44D4A}.Debug|x86.Build.0 = Debug|Any CPU
		{2DAA8D8B-7FB4-467D-942D-54B41BE44D4A}.Release|Any CPU.ActiveCfg = Release|Any CPU
		{2DAA8D8B-7FB4-467D-942D-54B41BE44D4A}.Release|Any CPU.Build.0 = Release|Any CPU
		{2DAA8D8B-7FB4-467D-942D-54B41BE44D4A}.Release|x64.ActiveCfg = Release|Any CPU
		{2DAA8D8B-7FB4-467D-942D-54B41BE44D4A}.Release|x64.Build.0 = Release|Any CPU
		{2DAA8D8B-7FB4-467D-942D-54B41BE44D4A}.Release|x86.ActiveCfg = Release|Any CPU
		{2DAA8D8B-7FB4-467D-942D-54B41BE44D4A}.Release|x86.Build.0 = Release|Any CPU
		{83F6E2D3-3518-4869-BAB8-9B3F305AF2EF}.Debug|Any CPU.ActiveCfg = Debug|Any CPU
		{83F6E2D3-3518-4869-BAB8-9B3F305AF2EF}.Debug|Any CPU.Build.0 = Debug|Any CPU
		{83F6E2D3-3518-4869-BAB8-9B3F305AF2EF}.Debug|x64.ActiveCfg = Debug|Any CPU
		{83F6E2D3-3518-4869-BAB8-9B3F305AF2EF}.Debug|x64.Build.0 = Debug|Any CPU
		{83F6E2D3-3518-4869-BAB8-9B3F305AF2EF}.Debug|x86.ActiveCfg = Debug|Any CPU
		{83F6E2D3-3518-4869-BAB8-9B3F305AF2EF}.Debug|x86.Build.0 = Debug|Any CPU
		{83F6E2D3-3518-4869-BAB8-9B3F305AF2EF}.Release|Any CPU.ActiveCfg = Release|Any CPU
		{83F6E2D3-3518-4869-BAB8-9B3F305AF2EF}.Release|Any CPU.Build.0 = Release|Any CPU
		{83F6E2D3-3518-4869-BAB8-9B3F305AF2EF}.Release|x64.ActiveCfg = Release|Any CPU
		{83F6E2D3-3518-4869-BAB8-9B3F305AF2EF}.Release|x64.Build.0 = Release|Any CPU
		{83F6E2D3-3518-4869-BAB8-9B3F305AF2EF}.Release|x86.ActiveCfg = Release|Any CPU
		{83F6E2D3-3518-4869-BAB8-9B3F305AF2EF}.Release|x86.Build.0 = Release|Any CPU
		{EF5DCB65-901F-442B-A571-0F541F9DF68C}.Debug|Any CPU.ActiveCfg = Debug|Any CPU
		{EF5DCB65-901F-442B-A571-0F541F9DF68C}.Debug|Any CPU.Build.0 = Debug|Any CPU
		{EF5DCB65-901F-442B-A571-0F541F9DF68C}.Debug|x64.ActiveCfg = Debug|Any CPU
		{EF5DCB65-901F-442B-A571-0F541F9DF68C}.Debug|x64.Build.0 = Debug|Any CPU
		{EF5DCB65-901F-442B-A571-0F541F9DF68C}.Debug|x86.ActiveCfg = Debug|Any CPU
		{EF5DCB65-901F-442B-A571-0F541F9DF68C}.Debug|x86.Build.0 = Debug|Any CPU
		{EF5DCB65-901F-442B-A571-0F541F9DF68C}.Release|Any CPU.ActiveCfg = Release|Any CPU
		{EF5DCB65-901F-442B-A571-0F541F9DF68C}.Release|Any CPU.Build.0 = Release|Any CPU
		{EF5DCB65-901F-442B-A571-0F541F9DF68C}.Release|x64.ActiveCfg = Release|Any CPU
		{EF5DCB65-901F-442B-A571-0F541F9DF68C}.Release|x64.Build.0 = Release|Any CPU
		{EF5DCB65-901F-442B-A571-0F541F9DF68C}.Release|x86.ActiveCfg = Release|Any CPU
		{EF5DCB65-901F-442B-A571-0F541F9DF68C}.Release|x86.Build.0 = Release|Any CPU
		{30CD8D45-4265-423D-BA1F-B20A57801CA3}.Debug|Any CPU.ActiveCfg = Debug|Any CPU
		{30CD8D45-4265-423D-BA1F-B20A57801CA3}.Debug|Any CPU.Build.0 = Debug|Any CPU
		{30CD8D45-4265-423D-BA1F-B20A57801CA3}.Debug|x64.ActiveCfg = Debug|Any CPU
		{30CD8D45-4265-423D-BA1F-B20A57801CA3}.Debug|x64.Build.0 = Debug|Any CPU
		{30CD8D45-4265-423D-BA1F-B20A57801CA3}.Debug|x86.ActiveCfg = Debug|Any CPU
		{30CD8D45-4265-423D-BA1F-B20A57801CA3}.Debug|x86.Build.0 = Debug|Any CPU
		{30CD8D45-4265-423D-BA1F-B20A57801CA3}.Release|Any CPU.ActiveCfg = Release|Any CPU
		{30CD8D45-4265-423D-BA1F-B20A57801CA3}.Release|Any CPU.Build.0 = Release|Any CPU
		{30CD8D45-4265-423D-BA1F-B20A57801CA3}.Release|x64.ActiveCfg = Release|Any CPU
		{30CD8D45-4265-423D-BA1F-B20A57801CA3}.Release|x64.Build.0 = Release|Any CPU
		{30CD8D45-4265-423D-BA1F-B20A57801CA3}.Release|x86.ActiveCfg = Release|Any CPU
		{30CD8D45-4265-423D-BA1F-B20A57801CA3}.Release|x86.Build.0 = Release|Any CPU
		{B0069543-B3CD-484E-896A-36CA7DA905C8}.Debug|Any CPU.ActiveCfg = Debug|Any CPU
		{B0069543-B3CD-484E-896A-36CA7DA905C8}.Debug|Any CPU.Build.0 = Debug|Any CPU
		{B0069543-B3CD-484E-896A-36CA7DA905C8}.Debug|x64.ActiveCfg = Debug|Any CPU
		{B0069543-B3CD-484E-896A-36CA7DA905C8}.Debug|x64.Build.0 = Debug|Any CPU
		{B0069543-B3CD-484E-896A-36CA7DA905C8}.Debug|x86.ActiveCfg = Debug|Any CPU
		{B0069543-B3CD-484E-896A-36CA7DA905C8}.Debug|x86.Build.0 = Debug|Any CPU
		{B0069543-B3CD-484E-896A-36CA7DA905C8}.Release|Any CPU.ActiveCfg = Release|Any CPU
		{B0069543-B3CD-484E-896A-36CA7DA905C8}.Release|Any CPU.Build.0 = Release|Any CPU
		{B0069543-B3CD-484E-896A-36CA7DA905C8}.Release|x64.ActiveCfg = Release|Any CPU
		{B0069543-B3CD-484E-896A-36CA7DA905C8}.Release|x64.Build.0 = Release|Any CPU
		{B0069543-B3CD-484E-896A-36CA7DA905C8}.Release|x86.ActiveCfg = Release|Any CPU
		{B0069543-B3CD-484E-896A-36CA7DA905C8}.Release|x86.Build.0 = Release|Any CPU
		{AD1FB5A8-9064-4B3A-BA06-1DCEE2824E64}.Debug|Any CPU.ActiveCfg = Debug|Any CPU
		{AD1FB5A8-9064-4B3A-BA06-1DCEE2824E64}.Debug|Any CPU.Build.0 = Debug|Any CPU
		{AD1FB5A8-9064-4B3A-BA06-1DCEE2824E64}.Debug|x64.ActiveCfg = Debug|Any CPU
		{AD1FB5A8-9064-4B3A-BA06-1DCEE2824E64}.Debug|x64.Build.0 = Debug|Any CPU
		{AD1FB5A8-9064-4B3A-BA06-1DCEE2824E64}.Debug|x86.ActiveCfg = Debug|Any CPU
		{AD1FB5A8-9064-4B3A-BA06-1DCEE2824E64}.Debug|x86.Build.0 = Debug|Any CPU
		{AD1FB5A8-9064-4B3A-BA06-1DCEE2824E64}.Release|Any CPU.ActiveCfg = Release|Any CPU
		{AD1FB5A8-9064-4B3A-BA06-1DCEE2824E64}.Release|Any CPU.Build.0 = Release|Any CPU
		{AD1FB5A8-9064-4B3A-BA06-1DCEE2824E64}.Release|x64.ActiveCfg = Release|Any CPU
		{AD1FB5A8-9064-4B3A-BA06-1DCEE2824E64}.Release|x64.Build.0 = Release|Any CPU
		{AD1FB5A8-9064-4B3A-BA06-1DCEE2824E64}.Release|x86.ActiveCfg = Release|Any CPU
		{AD1FB5A8-9064-4B3A-BA06-1DCEE2824E64}.Release|x86.Build.0 = Release|Any CPU
		{67D85B0B-79F0-4DF8-A0C6-90123941A753}.Debug|Any CPU.ActiveCfg = Debug|Any CPU
		{67D85B0B-79F0-4DF8-A0C6-90123941A753}.Debug|Any CPU.Build.0 = Debug|Any CPU
		{67D85B0B-79F0-4DF8-A0C6-90123941A753}.Debug|x64.ActiveCfg = Debug|Any CPU
		{67D85B0B-79F0-4DF8-A0C6-90123941A753}.Debug|x64.Build.0 = Debug|Any CPU
		{67D85B0B-79F0-4DF8-A0C6-90123941A753}.Debug|x86.ActiveCfg = Debug|Any CPU
		{67D85B0B-79F0-4DF8-A0C6-90123941A753}.Debug|x86.Build.0 = Debug|Any CPU
		{67D85B0B-79F0-4DF8-A0C6-90123941A753}.Release|Any CPU.ActiveCfg = Release|Any CPU
		{67D85B0B-79F0-4DF8-A0C6-90123941A753}.Release|Any CPU.Build.0 = Release|Any CPU
		{67D85B0B-79F0-4DF8-A0C6-90123941A753}.Release|x64.ActiveCfg = Release|Any CPU
		{67D85B0B-79F0-4DF8-A0C6-90123941A753}.Release|x64.Build.0 = Release|Any CPU
		{67D85B0B-79F0-4DF8-A0C6-90123941A753}.Release|x86.ActiveCfg = Release|Any CPU
		{67D85B0B-79F0-4DF8-A0C6-90123941A753}.Release|x86.Build.0 = Release|Any CPU
		{3D537778-52E1-4CE5-A21A-56E5FFABA7D2}.Debug|Any CPU.ActiveCfg = Debug|Any CPU
		{3D537778-52E1-4CE5-A21A-56E5FFABA7D2}.Debug|Any CPU.Build.0 = Debug|Any CPU
		{3D537778-52E1-4CE5-A21A-56E5FFABA7D2}.Debug|x64.ActiveCfg = Debug|Any CPU
		{3D537778-52E1-4CE5-A21A-56E5FFABA7D2}.Debug|x64.Build.0 = Debug|Any CPU
		{3D537778-52E1-4CE5-A21A-56E5FFABA7D2}.Debug|x86.ActiveCfg = Debug|Any CPU
		{3D537778-52E1-4CE5-A21A-56E5FFABA7D2}.Debug|x86.Build.0 = Debug|Any CPU
		{3D537778-52E1-4CE5-A21A-56E5FFABA7D2}.Release|Any CPU.ActiveCfg = Release|Any CPU
		{3D537778-52E1-4CE5-A21A-56E5FFABA7D2}.Release|Any CPU.Build.0 = Release|Any CPU
		{3D537778-52E1-4CE5-A21A-56E5FFABA7D2}.Release|x64.ActiveCfg = Release|Any CPU
		{3D537778-52E1-4CE5-A21A-56E5FFABA7D2}.Release|x64.Build.0 = Release|Any CPU
		{3D537778-52E1-4CE5-A21A-56E5FFABA7D2}.Release|x86.ActiveCfg = Release|Any CPU
		{3D537778-52E1-4CE5-A21A-56E5FFABA7D2}.Release|x86.Build.0 = Release|Any CPU
		{6BE85C6B-E192-4CA7-9240-582C24A43667}.Debug|Any CPU.ActiveCfg = Debug|Any CPU
		{6BE85C6B-E192-4CA7-9240-582C24A43667}.Debug|Any CPU.Build.0 = Debug|Any CPU
		{6BE85C6B-E192-4CA7-9240-582C24A43667}.Debug|x64.ActiveCfg = Debug|Any CPU
		{6BE85C6B-E192-4CA7-9240-582C24A43667}.Debug|x64.Build.0 = Debug|Any CPU
		{6BE85C6B-E192-4CA7-9240-582C24A43667}.Debug|x86.ActiveCfg = Debug|Any CPU
		{6BE85C6B-E192-4CA7-9240-582C24A43667}.Debug|x86.Build.0 = Debug|Any CPU
		{6BE85C6B-E192-4CA7-9240-582C24A43667}.Release|Any CPU.ActiveCfg = Release|Any CPU
		{6BE85C6B-E192-4CA7-9240-582C24A43667}.Release|Any CPU.Build.0 = Release|Any CPU
		{6BE85C6B-E192-4CA7-9240-582C24A43667}.Release|x64.ActiveCfg = Release|Any CPU
		{6BE85C6B-E192-4CA7-9240-582C24A43667}.Release|x64.Build.0 = Release|Any CPU
		{6BE85C6B-E192-4CA7-9240-582C24A43667}.Release|x86.ActiveCfg = Release|Any CPU
		{6BE85C6B-E192-4CA7-9240-582C24A43667}.Release|x86.Build.0 = Release|Any CPU
		{464AC5AC-36A1-417B-BAFD-AFF2B66E40CC}.Debug|Any CPU.ActiveCfg = Debug|Any CPU
		{464AC5AC-36A1-417B-BAFD-AFF2B66E40CC}.Debug|Any CPU.Build.0 = Debug|Any CPU
		{464AC5AC-36A1-417B-BAFD-AFF2B66E40CC}.Debug|x64.ActiveCfg = Debug|Any CPU
		{464AC5AC-36A1-417B-BAFD-AFF2B66E40CC}.Debug|x64.Build.0 = Debug|Any CPU
		{464AC5AC-36A1-417B-BAFD-AFF2B66E40CC}.Debug|x86.ActiveCfg = Debug|Any CPU
		{464AC5AC-36A1-417B-BAFD-AFF2B66E40CC}.Debug|x86.Build.0 = Debug|Any CPU
		{464AC5AC-36A1-417B-BAFD-AFF2B66E40CC}.Release|Any CPU.ActiveCfg = Release|Any CPU
		{464AC5AC-36A1-417B-BAFD-AFF2B66E40CC}.Release|Any CPU.Build.0 = Release|Any CPU
		{464AC5AC-36A1-417B-BAFD-AFF2B66E40CC}.Release|x64.ActiveCfg = Release|Any CPU
		{464AC5AC-36A1-417B-BAFD-AFF2B66E40CC}.Release|x64.Build.0 = Release|Any CPU
		{464AC5AC-36A1-417B-BAFD-AFF2B66E40CC}.Release|x86.ActiveCfg = Release|Any CPU
		{464AC5AC-36A1-417B-BAFD-AFF2B66E40CC}.Release|x86.Build.0 = Release|Any CPU
		{E969EE93-08E5-4E9F-8C71-3799842953A1}.Debug|Any CPU.ActiveCfg = Debug|Any CPU
		{E969EE93-08E5-4E9F-8C71-3799842953A1}.Debug|Any CPU.Build.0 = Debug|Any CPU
		{E969EE93-08E5-4E9F-8C71-3799842953A1}.Debug|x64.ActiveCfg = Debug|Any CPU
		{E969EE93-08E5-4E9F-8C71-3799842953A1}.Debug|x64.Build.0 = Debug|Any CPU
		{E969EE93-08E5-4E9F-8C71-3799842953A1}.Debug|x86.ActiveCfg = Debug|Any CPU
		{E969EE93-08E5-4E9F-8C71-3799842953A1}.Debug|x86.Build.0 = Debug|Any CPU
		{E969EE93-08E5-4E9F-8C71-3799842953A1}.Release|Any CPU.ActiveCfg = Release|Any CPU
		{E969EE93-08E5-4E9F-8C71-3799842953A1}.Release|Any CPU.Build.0 = Release|Any CPU
		{E969EE93-08E5-4E9F-8C71-3799842953A1}.Release|x64.ActiveCfg = Release|Any CPU
		{E969EE93-08E5-4E9F-8C71-3799842953A1}.Release|x64.Build.0 = Release|Any CPU
		{E969EE93-08E5-4E9F-8C71-3799842953A1}.Release|x86.ActiveCfg = Release|Any CPU
		{E969EE93-08E5-4E9F-8C71-3799842953A1}.Release|x86.Build.0 = Release|Any CPU
		{F46610DB-B403-46AA-9CF4-B91E78F00C21}.Debug|Any CPU.ActiveCfg = Debug|Any CPU
		{F46610DB-B403-46AA-9CF4-B91E78F00C21}.Debug|Any CPU.Build.0 = Debug|Any CPU
		{F46610DB-B403-46AA-9CF4-B91E78F00C21}.Debug|x64.ActiveCfg = Debug|Any CPU
		{F46610DB-B403-46AA-9CF4-B91E78F00C21}.Debug|x64.Build.0 = Debug|Any CPU
		{F46610DB-B403-46AA-9CF4-B91E78F00C21}.Debug|x86.ActiveCfg = Debug|Any CPU
		{F46610DB-B403-46AA-9CF4-B91E78F00C21}.Debug|x86.Build.0 = Debug|Any CPU
		{F46610DB-B403-46AA-9CF4-B91E78F00C21}.Release|Any CPU.ActiveCfg = Release|Any CPU
		{F46610DB-B403-46AA-9CF4-B91E78F00C21}.Release|Any CPU.Build.0 = Release|Any CPU
		{F46610DB-B403-46AA-9CF4-B91E78F00C21}.Release|x64.ActiveCfg = Release|Any CPU
		{F46610DB-B403-46AA-9CF4-B91E78F00C21}.Release|x64.Build.0 = Release|Any CPU
		{F46610DB-B403-46AA-9CF4-B91E78F00C21}.Release|x86.ActiveCfg = Release|Any CPU
		{F46610DB-B403-46AA-9CF4-B91E78F00C21}.Release|x86.Build.0 = Release|Any CPU
		{8556A38F-5EB5-49F3-8859-85E49214567C}.Debug|Any CPU.ActiveCfg = Debug|Any CPU
		{8556A38F-5EB5-49F3-8859-85E49214567C}.Debug|Any CPU.Build.0 = Debug|Any CPU
		{8556A38F-5EB5-49F3-8859-85E49214567C}.Debug|x64.ActiveCfg = Debug|Any CPU
		{8556A38F-5EB5-49F3-8859-85E49214567C}.Debug|x64.Build.0 = Debug|Any CPU
		{8556A38F-5EB5-49F3-8859-85E49214567C}.Debug|x86.ActiveCfg = Debug|Any CPU
		{8556A38F-5EB5-49F3-8859-85E49214567C}.Debug|x86.Build.0 = Debug|Any CPU
		{8556A38F-5EB5-49F3-8859-85E49214567C}.Release|Any CPU.ActiveCfg = Release|Any CPU
		{8556A38F-5EB5-49F3-8859-85E49214567C}.Release|Any CPU.Build.0 = Release|Any CPU
		{8556A38F-5EB5-49F3-8859-85E49214567C}.Release|x64.ActiveCfg = Release|Any CPU
		{8556A38F-5EB5-49F3-8859-85E49214567C}.Release|x64.Build.0 = Release|Any CPU
		{8556A38F-5EB5-49F3-8859-85E49214567C}.Release|x86.ActiveCfg = Release|Any CPU
		{8556A38F-5EB5-49F3-8859-85E49214567C}.Release|x86.Build.0 = Release|Any CPU
		{A395833C-CF14-443A-90A5-E5F9E0F5D256}.Debug|Any CPU.ActiveCfg = Debug|Any CPU
		{A395833C-CF14-443A-90A5-E5F9E0F5D256}.Debug|Any CPU.Build.0 = Debug|Any CPU
		{A395833C-CF14-443A-90A5-E5F9E0F5D256}.Debug|x64.ActiveCfg = Debug|Any CPU
		{A395833C-CF14-443A-90A5-E5F9E0F5D256}.Debug|x64.Build.0 = Debug|Any CPU
		{A395833C-CF14-443A-90A5-E5F9E0F5D256}.Debug|x86.ActiveCfg = Debug|Any CPU
		{A395833C-CF14-443A-90A5-E5F9E0F5D256}.Debug|x86.Build.0 = Debug|Any CPU
		{A395833C-CF14-443A-90A5-E5F9E0F5D256}.Release|Any CPU.ActiveCfg = Release|Any CPU
		{A395833C-CF14-443A-90A5-E5F9E0F5D256}.Release|Any CPU.Build.0 = Release|Any CPU
		{A395833C-CF14-443A-90A5-E5F9E0F5D256}.Release|x64.ActiveCfg = Release|Any CPU
		{A395833C-CF14-443A-90A5-E5F9E0F5D256}.Release|x64.Build.0 = Release|Any CPU
		{A395833C-CF14-443A-90A5-E5F9E0F5D256}.Release|x86.ActiveCfg = Release|Any CPU
		{A395833C-CF14-443A-90A5-E5F9E0F5D256}.Release|x86.Build.0 = Release|Any CPU
		{7EF33467-E390-4415-89D9-625FA5575C98}.Debug|Any CPU.ActiveCfg = Debug|Any CPU
		{7EF33467-E390-4415-89D9-625FA5575C98}.Debug|Any CPU.Build.0 = Debug|Any CPU
		{7EF33467-E390-4415-89D9-625FA5575C98}.Debug|x64.ActiveCfg = Debug|Any CPU
		{7EF33467-E390-4415-89D9-625FA5575C98}.Debug|x64.Build.0 = Debug|Any CPU
		{7EF33467-E390-4415-89D9-625FA5575C98}.Debug|x86.ActiveCfg = Debug|Any CPU
		{7EF33467-E390-4415-89D9-625FA5575C98}.Debug|x86.Build.0 = Debug|Any CPU
		{7EF33467-E390-4415-89D9-625FA5575C98}.Release|Any CPU.ActiveCfg = Release|Any CPU
		{7EF33467-E390-4415-89D9-625FA5575C98}.Release|Any CPU.Build.0 = Release|Any CPU
		{7EF33467-E390-4415-89D9-625FA5575C98}.Release|x64.ActiveCfg = Release|Any CPU
		{7EF33467-E390-4415-89D9-625FA5575C98}.Release|x64.Build.0 = Release|Any CPU
		{7EF33467-E390-4415-89D9-625FA5575C98}.Release|x86.ActiveCfg = Release|Any CPU
		{7EF33467-E390-4415-89D9-625FA5575C98}.Release|x86.Build.0 = Release|Any CPU
		{570A7159-AD49-4471-AC6B-C42A3733AC2C}.Debug|Any CPU.ActiveCfg = Debug|Any CPU
		{570A7159-AD49-4471-AC6B-C42A3733AC2C}.Debug|Any CPU.Build.0 = Debug|Any CPU
		{570A7159-AD49-4471-AC6B-C42A3733AC2C}.Debug|x64.ActiveCfg = Debug|Any CPU
		{570A7159-AD49-4471-AC6B-C42A3733AC2C}.Debug|x64.Build.0 = Debug|Any CPU
		{570A7159-AD49-4471-AC6B-C42A3733AC2C}.Debug|x86.ActiveCfg = Debug|Any CPU
		{570A7159-AD49-4471-AC6B-C42A3733AC2C}.Debug|x86.Build.0 = Debug|Any CPU
		{570A7159-AD49-4471-AC6B-C42A3733AC2C}.Release|Any CPU.ActiveCfg = Release|Any CPU
		{570A7159-AD49-4471-AC6B-C42A3733AC2C}.Release|Any CPU.Build.0 = Release|Any CPU
		{570A7159-AD49-4471-AC6B-C42A3733AC2C}.Release|x64.ActiveCfg = Release|Any CPU
		{570A7159-AD49-4471-AC6B-C42A3733AC2C}.Release|x64.Build.0 = Release|Any CPU
		{570A7159-AD49-4471-AC6B-C42A3733AC2C}.Release|x86.ActiveCfg = Release|Any CPU
		{570A7159-AD49-4471-AC6B-C42A3733AC2C}.Release|x86.Build.0 = Release|Any CPU
		{D71AC20B-F42C-4539-88C1-C0DA25EFC8CA}.Debug|Any CPU.ActiveCfg = Debug|Any CPU
		{D71AC20B-F42C-4539-88C1-C0DA25EFC8CA}.Debug|Any CPU.Build.0 = Debug|Any CPU
		{D71AC20B-F42C-4539-88C1-C0DA25EFC8CA}.Debug|x64.ActiveCfg = Debug|Any CPU
		{D71AC20B-F42C-4539-88C1-C0DA25EFC8CA}.Debug|x64.Build.0 = Debug|Any CPU
		{D71AC20B-F42C-4539-88C1-C0DA25EFC8CA}.Debug|x86.ActiveCfg = Debug|Any CPU
		{D71AC20B-F42C-4539-88C1-C0DA25EFC8CA}.Debug|x86.Build.0 = Debug|Any CPU
		{D71AC20B-F42C-4539-88C1-C0DA25EFC8CA}.Release|Any CPU.ActiveCfg = Release|Any CPU
		{D71AC20B-F42C-4539-88C1-C0DA25EFC8CA}.Release|Any CPU.Build.0 = Release|Any CPU
		{D71AC20B-F42C-4539-88C1-C0DA25EFC8CA}.Release|x64.ActiveCfg = Release|Any CPU
		{D71AC20B-F42C-4539-88C1-C0DA25EFC8CA}.Release|x64.Build.0 = Release|Any CPU
		{D71AC20B-F42C-4539-88C1-C0DA25EFC8CA}.Release|x86.ActiveCfg = Release|Any CPU
		{D71AC20B-F42C-4539-88C1-C0DA25EFC8CA}.Release|x86.Build.0 = Release|Any CPU
		{471382FC-C2B1-4698-81A9-67B218DD3EB3}.Debug|Any CPU.ActiveCfg = Debug|Any CPU
		{471382FC-C2B1-4698-81A9-67B218DD3EB3}.Debug|Any CPU.Build.0 = Debug|Any CPU
		{471382FC-C2B1-4698-81A9-67B218DD3EB3}.Debug|x64.ActiveCfg = Debug|Any CPU
		{471382FC-C2B1-4698-81A9-67B218DD3EB3}.Debug|x64.Build.0 = Debug|Any CPU
		{471382FC-C2B1-4698-81A9-67B218DD3EB3}.Debug|x86.ActiveCfg = Debug|Any CPU
		{471382FC-C2B1-4698-81A9-67B218DD3EB3}.Debug|x86.Build.0 = Debug|Any CPU
		{471382FC-C2B1-4698-81A9-67B218DD3EB3}.Release|Any CPU.ActiveCfg = Release|Any CPU
		{471382FC-C2B1-4698-81A9-67B218DD3EB3}.Release|Any CPU.Build.0 = Release|Any CPU
		{471382FC-C2B1-4698-81A9-67B218DD3EB3}.Release|x64.ActiveCfg = Release|Any CPU
		{471382FC-C2B1-4698-81A9-67B218DD3EB3}.Release|x64.Build.0 = Release|Any CPU
		{471382FC-C2B1-4698-81A9-67B218DD3EB3}.Release|x86.ActiveCfg = Release|Any CPU
		{471382FC-C2B1-4698-81A9-67B218DD3EB3}.Release|x86.Build.0 = Release|Any CPU
		{8DF40606-01A8-4E4C-B156-466835E4433F}.Debug|Any CPU.ActiveCfg = Debug|Any CPU
		{8DF40606-01A8-4E4C-B156-466835E4433F}.Debug|Any CPU.Build.0 = Debug|Any CPU
		{8DF40606-01A8-4E4C-B156-466835E4433F}.Debug|x64.ActiveCfg = Debug|Any CPU
		{8DF40606-01A8-4E4C-B156-466835E4433F}.Debug|x64.Build.0 = Debug|Any CPU
		{8DF40606-01A8-4E4C-B156-466835E4433F}.Debug|x86.ActiveCfg = Debug|Any CPU
		{8DF40606-01A8-4E4C-B156-466835E4433F}.Debug|x86.Build.0 = Debug|Any CPU
		{8DF40606-01A8-4E4C-B156-466835E4433F}.Release|Any CPU.ActiveCfg = Release|Any CPU
		{8DF40606-01A8-4E4C-B156-466835E4433F}.Release|Any CPU.Build.0 = Release|Any CPU
		{8DF40606-01A8-4E4C-B156-466835E4433F}.Release|x64.ActiveCfg = Release|Any CPU
		{8DF40606-01A8-4E4C-B156-466835E4433F}.Release|x64.Build.0 = Release|Any CPU
		{8DF40606-01A8-4E4C-B156-466835E4433F}.Release|x86.ActiveCfg = Release|Any CPU
		{8DF40606-01A8-4E4C-B156-466835E4433F}.Release|x86.Build.0 = Release|Any CPU
		{CA45C9DF-F8CD-48AE-BF6B-B7C355AB8F39}.Debug|Any CPU.ActiveCfg = Debug|Any CPU
		{CA45C9DF-F8CD-48AE-BF6B-B7C355AB8F39}.Debug|Any CPU.Build.0 = Debug|Any CPU
		{CA45C9DF-F8CD-48AE-BF6B-B7C355AB8F39}.Debug|x64.ActiveCfg = Debug|Any CPU
		{CA45C9DF-F8CD-48AE-BF6B-B7C355AB8F39}.Debug|x64.Build.0 = Debug|Any CPU
		{CA45C9DF-F8CD-48AE-BF6B-B7C355AB8F39}.Debug|x86.ActiveCfg = Debug|Any CPU
		{CA45C9DF-F8CD-48AE-BF6B-B7C355AB8F39}.Debug|x86.Build.0 = Debug|Any CPU
		{CA45C9DF-F8CD-48AE-BF6B-B7C355AB8F39}.Release|Any CPU.ActiveCfg = Release|Any CPU
		{CA45C9DF-F8CD-48AE-BF6B-B7C355AB8F39}.Release|Any CPU.Build.0 = Release|Any CPU
		{CA45C9DF-F8CD-48AE-BF6B-B7C355AB8F39}.Release|x64.ActiveCfg = Release|Any CPU
		{CA45C9DF-F8CD-48AE-BF6B-B7C355AB8F39}.Release|x64.Build.0 = Release|Any CPU
		{CA45C9DF-F8CD-48AE-BF6B-B7C355AB8F39}.Release|x86.ActiveCfg = Release|Any CPU
		{CA45C9DF-F8CD-48AE-BF6B-B7C355AB8F39}.Release|x86.Build.0 = Release|Any CPU
		{8A636900-0310-4CAC-8E85-B6A300B936F9}.Debug|Any CPU.ActiveCfg = Debug|Any CPU
		{8A636900-0310-4CAC-8E85-B6A300B936F9}.Debug|Any CPU.Build.0 = Debug|Any CPU
		{8A636900-0310-4CAC-8E85-B6A300B936F9}.Debug|x64.ActiveCfg = Debug|Any CPU
		{8A636900-0310-4CAC-8E85-B6A300B936F9}.Debug|x64.Build.0 = Debug|Any CPU
		{8A636900-0310-4CAC-8E85-B6A300B936F9}.Debug|x86.ActiveCfg = Debug|Any CPU
		{8A636900-0310-4CAC-8E85-B6A300B936F9}.Debug|x86.Build.0 = Debug|Any CPU
		{8A636900-0310-4CAC-8E85-B6A300B936F9}.Release|Any CPU.ActiveCfg = Release|Any CPU
		{8A636900-0310-4CAC-8E85-B6A300B936F9}.Release|Any CPU.Build.0 = Release|Any CPU
		{8A636900-0310-4CAC-8E85-B6A300B936F9}.Release|x64.ActiveCfg = Release|Any CPU
		{8A636900-0310-4CAC-8E85-B6A300B936F9}.Release|x64.Build.0 = Release|Any CPU
		{8A636900-0310-4CAC-8E85-B6A300B936F9}.Release|x86.ActiveCfg = Release|Any CPU
		{8A636900-0310-4CAC-8E85-B6A300B936F9}.Release|x86.Build.0 = Release|Any CPU
		{59267AA3-AE8F-4921-B524-30570E40D443}.Debug|Any CPU.ActiveCfg = Debug|Any CPU
		{59267AA3-AE8F-4921-B524-30570E40D443}.Debug|Any CPU.Build.0 = Debug|Any CPU
		{59267AA3-AE8F-4921-B524-30570E40D443}.Debug|x64.ActiveCfg = Debug|Any CPU
		{59267AA3-AE8F-4921-B524-30570E40D443}.Debug|x64.Build.0 = Debug|Any CPU
		{59267AA3-AE8F-4921-B524-30570E40D443}.Debug|x86.ActiveCfg = Debug|Any CPU
		{59267AA3-AE8F-4921-B524-30570E40D443}.Debug|x86.Build.0 = Debug|Any CPU
		{59267AA3-AE8F-4921-B524-30570E40D443}.Release|Any CPU.ActiveCfg = Release|Any CPU
		{59267AA3-AE8F-4921-B524-30570E40D443}.Release|Any CPU.Build.0 = Release|Any CPU
		{59267AA3-AE8F-4921-B524-30570E40D443}.Release|x64.ActiveCfg = Release|Any CPU
		{59267AA3-AE8F-4921-B524-30570E40D443}.Release|x64.Build.0 = Release|Any CPU
		{59267AA3-AE8F-4921-B524-30570E40D443}.Release|x86.ActiveCfg = Release|Any CPU
		{59267AA3-AE8F-4921-B524-30570E40D443}.Release|x86.Build.0 = Release|Any CPU
		{BDCC12B2-929F-4483-B282-17DDCE211F15}.Debug|Any CPU.ActiveCfg = Debug|Any CPU
		{BDCC12B2-929F-4483-B282-17DDCE211F15}.Debug|Any CPU.Build.0 = Debug|Any CPU
		{BDCC12B2-929F-4483-B282-17DDCE211F15}.Debug|x64.ActiveCfg = Debug|Any CPU
		{BDCC12B2-929F-4483-B282-17DDCE211F15}.Debug|x64.Build.0 = Debug|Any CPU
		{BDCC12B2-929F-4483-B282-17DDCE211F15}.Debug|x86.ActiveCfg = Debug|Any CPU
		{BDCC12B2-929F-4483-B282-17DDCE211F15}.Debug|x86.Build.0 = Debug|Any CPU
		{BDCC12B2-929F-4483-B282-17DDCE211F15}.Release|Any CPU.ActiveCfg = Release|Any CPU
		{BDCC12B2-929F-4483-B282-17DDCE211F15}.Release|Any CPU.Build.0 = Release|Any CPU
		{BDCC12B2-929F-4483-B282-17DDCE211F15}.Release|x64.ActiveCfg = Release|Any CPU
		{BDCC12B2-929F-4483-B282-17DDCE211F15}.Release|x64.Build.0 = Release|Any CPU
		{BDCC12B2-929F-4483-B282-17DDCE211F15}.Release|x86.ActiveCfg = Release|Any CPU
		{BDCC12B2-929F-4483-B282-17DDCE211F15}.Release|x86.Build.0 = Release|Any CPU
		{5C5821E3-54D3-4BF7-9D97-6679B824AA08}.Debug|Any CPU.ActiveCfg = Debug|Any CPU
		{5C5821E3-54D3-4BF7-9D97-6679B824AA08}.Debug|Any CPU.Build.0 = Debug|Any CPU
		{5C5821E3-54D3-4BF7-9D97-6679B824AA08}.Debug|x64.ActiveCfg = Debug|Any CPU
		{5C5821E3-54D3-4BF7-9D97-6679B824AA08}.Debug|x64.Build.0 = Debug|Any CPU
		{5C5821E3-54D3-4BF7-9D97-6679B824AA08}.Debug|x86.ActiveCfg = Debug|Any CPU
		{5C5821E3-54D3-4BF7-9D97-6679B824AA08}.Debug|x86.Build.0 = Debug|Any CPU
		{5C5821E3-54D3-4BF7-9D97-6679B824AA08}.Release|Any CPU.ActiveCfg = Release|Any CPU
		{5C5821E3-54D3-4BF7-9D97-6679B824AA08}.Release|Any CPU.Build.0 = Release|Any CPU
		{5C5821E3-54D3-4BF7-9D97-6679B824AA08}.Release|x64.ActiveCfg = Release|Any CPU
		{5C5821E3-54D3-4BF7-9D97-6679B824AA08}.Release|x64.Build.0 = Release|Any CPU
		{5C5821E3-54D3-4BF7-9D97-6679B824AA08}.Release|x86.ActiveCfg = Release|Any CPU
		{5C5821E3-54D3-4BF7-9D97-6679B824AA08}.Release|x86.Build.0 = Release|Any CPU
		{54DAC6EB-56A6-43FD-B923-DCDFD9CE8F83}.Debug|Any CPU.ActiveCfg = Debug|Any CPU
		{54DAC6EB-56A6-43FD-B923-DCDFD9CE8F83}.Debug|Any CPU.Build.0 = Debug|Any CPU
		{54DAC6EB-56A6-43FD-B923-DCDFD9CE8F83}.Debug|x64.ActiveCfg = Debug|Any CPU
		{54DAC6EB-56A6-43FD-B923-DCDFD9CE8F83}.Debug|x64.Build.0 = Debug|Any CPU
		{54DAC6EB-56A6-43FD-B923-DCDFD9CE8F83}.Debug|x86.ActiveCfg = Debug|Any CPU
		{54DAC6EB-56A6-43FD-B923-DCDFD9CE8F83}.Debug|x86.Build.0 = Debug|Any CPU
		{54DAC6EB-56A6-43FD-B923-DCDFD9CE8F83}.Release|Any CPU.ActiveCfg = Release|Any CPU
		{54DAC6EB-56A6-43FD-B923-DCDFD9CE8F83}.Release|Any CPU.Build.0 = Release|Any CPU
		{54DAC6EB-56A6-43FD-B923-DCDFD9CE8F83}.Release|x64.ActiveCfg = Release|Any CPU
		{54DAC6EB-56A6-43FD-B923-DCDFD9CE8F83}.Release|x64.Build.0 = Release|Any CPU
		{54DAC6EB-56A6-43FD-B923-DCDFD9CE8F83}.Release|x86.ActiveCfg = Release|Any CPU
		{54DAC6EB-56A6-43FD-B923-DCDFD9CE8F83}.Release|x86.Build.0 = Release|Any CPU
		{4FF93CD3-EEAC-462B-8841-C73D9184AA23}.Debug|Any CPU.ActiveCfg = Debug|Any CPU
		{4FF93CD3-EEAC-462B-8841-C73D9184AA23}.Debug|Any CPU.Build.0 = Debug|Any CPU
		{4FF93CD3-EEAC-462B-8841-C73D9184AA23}.Debug|x64.ActiveCfg = Debug|Any CPU
		{4FF93CD3-EEAC-462B-8841-C73D9184AA23}.Debug|x64.Build.0 = Debug|Any CPU
		{4FF93CD3-EEAC-462B-8841-C73D9184AA23}.Debug|x86.ActiveCfg = Debug|Any CPU
		{4FF93CD3-EEAC-462B-8841-C73D9184AA23}.Debug|x86.Build.0 = Debug|Any CPU
		{4FF93CD3-EEAC-462B-8841-C73D9184AA23}.Release|Any CPU.ActiveCfg = Release|Any CPU
		{4FF93CD3-EEAC-462B-8841-C73D9184AA23}.Release|Any CPU.Build.0 = Release|Any CPU
		{4FF93CD3-EEAC-462B-8841-C73D9184AA23}.Release|x64.ActiveCfg = Release|Any CPU
		{4FF93CD3-EEAC-462B-8841-C73D9184AA23}.Release|x64.Build.0 = Release|Any CPU
		{4FF93CD3-EEAC-462B-8841-C73D9184AA23}.Release|x86.ActiveCfg = Release|Any CPU
		{4FF93CD3-EEAC-462B-8841-C73D9184AA23}.Release|x86.Build.0 = Release|Any CPU
		{4B3E5F1D-CF8C-4362-8347-974F10DEDB93}.Debug|Any CPU.ActiveCfg = Debug|Any CPU
		{4B3E5F1D-CF8C-4362-8347-974F10DEDB93}.Debug|Any CPU.Build.0 = Debug|Any CPU
		{4B3E5F1D-CF8C-4362-8347-974F10DEDB93}.Debug|x64.ActiveCfg = Debug|Any CPU
		{4B3E5F1D-CF8C-4362-8347-974F10DEDB93}.Debug|x64.Build.0 = Debug|Any CPU
		{4B3E5F1D-CF8C-4362-8347-974F10DEDB93}.Debug|x86.ActiveCfg = Debug|Any CPU
		{4B3E5F1D-CF8C-4362-8347-974F10DEDB93}.Debug|x86.Build.0 = Debug|Any CPU
		{4B3E5F1D-CF8C-4362-8347-974F10DEDB93}.Release|Any CPU.ActiveCfg = Release|Any CPU
		{4B3E5F1D-CF8C-4362-8347-974F10DEDB93}.Release|Any CPU.Build.0 = Release|Any CPU
		{4B3E5F1D-CF8C-4362-8347-974F10DEDB93}.Release|x64.ActiveCfg = Release|Any CPU
		{4B3E5F1D-CF8C-4362-8347-974F10DEDB93}.Release|x64.Build.0 = Release|Any CPU
		{4B3E5F1D-CF8C-4362-8347-974F10DEDB93}.Release|x86.ActiveCfg = Release|Any CPU
		{4B3E5F1D-CF8C-4362-8347-974F10DEDB93}.Release|x86.Build.0 = Release|Any CPU
		{3E396046-41CF-4E88-A1F1-72CC797966B6}.Debug|Any CPU.ActiveCfg = Debug|Any CPU
		{3E396046-41CF-4E88-A1F1-72CC797966B6}.Debug|Any CPU.Build.0 = Debug|Any CPU
		{3E396046-41CF-4E88-A1F1-72CC797966B6}.Debug|x64.ActiveCfg = Debug|Any CPU
		{3E396046-41CF-4E88-A1F1-72CC797966B6}.Debug|x64.Build.0 = Debug|Any CPU
		{3E396046-41CF-4E88-A1F1-72CC797966B6}.Debug|x86.ActiveCfg = Debug|Any CPU
		{3E396046-41CF-4E88-A1F1-72CC797966B6}.Debug|x86.Build.0 = Debug|Any CPU
		{3E396046-41CF-4E88-A1F1-72CC797966B6}.Release|Any CPU.ActiveCfg = Release|Any CPU
		{3E396046-41CF-4E88-A1F1-72CC797966B6}.Release|Any CPU.Build.0 = Release|Any CPU
		{3E396046-41CF-4E88-A1F1-72CC797966B6}.Release|x64.ActiveCfg = Release|Any CPU
		{3E396046-41CF-4E88-A1F1-72CC797966B6}.Release|x64.Build.0 = Release|Any CPU
		{3E396046-41CF-4E88-A1F1-72CC797966B6}.Release|x86.ActiveCfg = Release|Any CPU
		{3E396046-41CF-4E88-A1F1-72CC797966B6}.Release|x86.Build.0 = Release|Any CPU
		{D9C9954E-BAB7-4736-88AB-9C429DAC27D9}.Debug|Any CPU.ActiveCfg = Debug|Any CPU
		{D9C9954E-BAB7-4736-88AB-9C429DAC27D9}.Debug|Any CPU.Build.0 = Debug|Any CPU
		{D9C9954E-BAB7-4736-88AB-9C429DAC27D9}.Debug|x64.ActiveCfg = Debug|Any CPU
		{D9C9954E-BAB7-4736-88AB-9C429DAC27D9}.Debug|x64.Build.0 = Debug|Any CPU
		{D9C9954E-BAB7-4736-88AB-9C429DAC27D9}.Debug|x86.ActiveCfg = Debug|Any CPU
		{D9C9954E-BAB7-4736-88AB-9C429DAC27D9}.Debug|x86.Build.0 = Debug|Any CPU
		{D9C9954E-BAB7-4736-88AB-9C429DAC27D9}.Release|Any CPU.ActiveCfg = Release|Any CPU
		{D9C9954E-BAB7-4736-88AB-9C429DAC27D9}.Release|Any CPU.Build.0 = Release|Any CPU
		{D9C9954E-BAB7-4736-88AB-9C429DAC27D9}.Release|x64.ActiveCfg = Release|Any CPU
		{D9C9954E-BAB7-4736-88AB-9C429DAC27D9}.Release|x64.Build.0 = Release|Any CPU
		{D9C9954E-BAB7-4736-88AB-9C429DAC27D9}.Release|x86.ActiveCfg = Release|Any CPU
		{D9C9954E-BAB7-4736-88AB-9C429DAC27D9}.Release|x86.Build.0 = Release|Any CPU
		{158A9562-6DCF-464B-9DB5-EAF26161AEC8}.Debug|Any CPU.ActiveCfg = Debug|Any CPU
		{158A9562-6DCF-464B-9DB5-EAF26161AEC8}.Debug|Any CPU.Build.0 = Debug|Any CPU
		{158A9562-6DCF-464B-9DB5-EAF26161AEC8}.Debug|x64.ActiveCfg = Debug|Any CPU
		{158A9562-6DCF-464B-9DB5-EAF26161AEC8}.Debug|x64.Build.0 = Debug|Any CPU
		{158A9562-6DCF-464B-9DB5-EAF26161AEC8}.Debug|x86.ActiveCfg = Debug|Any CPU
		{158A9562-6DCF-464B-9DB5-EAF26161AEC8}.Debug|x86.Build.0 = Debug|Any CPU
		{158A9562-6DCF-464B-9DB5-EAF26161AEC8}.Release|Any CPU.ActiveCfg = Release|Any CPU
		{158A9562-6DCF-464B-9DB5-EAF26161AEC8}.Release|Any CPU.Build.0 = Release|Any CPU
		{158A9562-6DCF-464B-9DB5-EAF26161AEC8}.Release|x64.ActiveCfg = Release|Any CPU
		{158A9562-6DCF-464B-9DB5-EAF26161AEC8}.Release|x64.Build.0 = Release|Any CPU
		{158A9562-6DCF-464B-9DB5-EAF26161AEC8}.Release|x86.ActiveCfg = Release|Any CPU
		{158A9562-6DCF-464B-9DB5-EAF26161AEC8}.Release|x86.Build.0 = Release|Any CPU
		{AF653D1B-AB06-4803-AEC0-364A1B55248C}.Debug|Any CPU.ActiveCfg = Debug|Any CPU
		{AF653D1B-AB06-4803-AEC0-364A1B55248C}.Debug|Any CPU.Build.0 = Debug|Any CPU
		{AF653D1B-AB06-4803-AEC0-364A1B55248C}.Debug|x64.ActiveCfg = Debug|Any CPU
		{AF653D1B-AB06-4803-AEC0-364A1B55248C}.Debug|x64.Build.0 = Debug|Any CPU
		{AF653D1B-AB06-4803-AEC0-364A1B55248C}.Debug|x86.ActiveCfg = Debug|Any CPU
		{AF653D1B-AB06-4803-AEC0-364A1B55248C}.Debug|x86.Build.0 = Debug|Any CPU
		{AF653D1B-AB06-4803-AEC0-364A1B55248C}.Release|Any CPU.ActiveCfg = Release|Any CPU
		{AF653D1B-AB06-4803-AEC0-364A1B55248C}.Release|Any CPU.Build.0 = Release|Any CPU
		{AF653D1B-AB06-4803-AEC0-364A1B55248C}.Release|x64.ActiveCfg = Release|Any CPU
		{AF653D1B-AB06-4803-AEC0-364A1B55248C}.Release|x64.Build.0 = Release|Any CPU
		{AF653D1B-AB06-4803-AEC0-364A1B55248C}.Release|x86.ActiveCfg = Release|Any CPU
		{AF653D1B-AB06-4803-AEC0-364A1B55248C}.Release|x86.Build.0 = Release|Any CPU
		{B0F26AFC-67B0-4A58-B8C8-3AF1617EC7E7}.Debug|Any CPU.ActiveCfg = Debug|Any CPU
		{B0F26AFC-67B0-4A58-B8C8-3AF1617EC7E7}.Debug|Any CPU.Build.0 = Debug|Any CPU
		{B0F26AFC-67B0-4A58-B8C8-3AF1617EC7E7}.Debug|x64.ActiveCfg = Debug|Any CPU
		{B0F26AFC-67B0-4A58-B8C8-3AF1617EC7E7}.Debug|x64.Build.0 = Debug|Any CPU
		{B0F26AFC-67B0-4A58-B8C8-3AF1617EC7E7}.Debug|x86.ActiveCfg = Debug|Any CPU
		{B0F26AFC-67B0-4A58-B8C8-3AF1617EC7E7}.Debug|x86.Build.0 = Debug|Any CPU
		{B0F26AFC-67B0-4A58-B8C8-3AF1617EC7E7}.Release|Any CPU.ActiveCfg = Release|Any CPU
		{B0F26AFC-67B0-4A58-B8C8-3AF1617EC7E7}.Release|Any CPU.Build.0 = Release|Any CPU
		{B0F26AFC-67B0-4A58-B8C8-3AF1617EC7E7}.Release|x64.ActiveCfg = Release|Any CPU
		{B0F26AFC-67B0-4A58-B8C8-3AF1617EC7E7}.Release|x64.Build.0 = Release|Any CPU
		{B0F26AFC-67B0-4A58-B8C8-3AF1617EC7E7}.Release|x86.ActiveCfg = Release|Any CPU
		{B0F26AFC-67B0-4A58-B8C8-3AF1617EC7E7}.Release|x86.Build.0 = Release|Any CPU
		{1F41FC66-221B-4970-BC1E-24398998E222}.Debug|Any CPU.ActiveCfg = Debug|Any CPU
		{1F41FC66-221B-4970-BC1E-24398998E222}.Debug|Any CPU.Build.0 = Debug|Any CPU
		{1F41FC66-221B-4970-BC1E-24398998E222}.Debug|x64.ActiveCfg = Debug|Any CPU
		{1F41FC66-221B-4970-BC1E-24398998E222}.Debug|x64.Build.0 = Debug|Any CPU
		{1F41FC66-221B-4970-BC1E-24398998E222}.Debug|x86.ActiveCfg = Debug|Any CPU
		{1F41FC66-221B-4970-BC1E-24398998E222}.Debug|x86.Build.0 = Debug|Any CPU
		{1F41FC66-221B-4970-BC1E-24398998E222}.Release|Any CPU.ActiveCfg = Release|Any CPU
		{1F41FC66-221B-4970-BC1E-24398998E222}.Release|Any CPU.Build.0 = Release|Any CPU
		{1F41FC66-221B-4970-BC1E-24398998E222}.Release|x64.ActiveCfg = Release|Any CPU
		{1F41FC66-221B-4970-BC1E-24398998E222}.Release|x64.Build.0 = Release|Any CPU
		{1F41FC66-221B-4970-BC1E-24398998E222}.Release|x86.ActiveCfg = Release|Any CPU
		{1F41FC66-221B-4970-BC1E-24398998E222}.Release|x86.Build.0 = Release|Any CPU
		{305ABE0E-EB92-48C9-863A-671A4B103104}.Debug|Any CPU.ActiveCfg = Debug|Any CPU
		{305ABE0E-EB92-48C9-863A-671A4B103104}.Debug|Any CPU.Build.0 = Debug|Any CPU
		{305ABE0E-EB92-48C9-863A-671A4B103104}.Debug|x64.ActiveCfg = Debug|Any CPU
		{305ABE0E-EB92-48C9-863A-671A4B103104}.Debug|x64.Build.0 = Debug|Any CPU
		{305ABE0E-EB92-48C9-863A-671A4B103104}.Debug|x86.ActiveCfg = Debug|Any CPU
		{305ABE0E-EB92-48C9-863A-671A4B103104}.Debug|x86.Build.0 = Debug|Any CPU
		{305ABE0E-EB92-48C9-863A-671A4B103104}.Release|Any CPU.ActiveCfg = Release|Any CPU
		{305ABE0E-EB92-48C9-863A-671A4B103104}.Release|Any CPU.Build.0 = Release|Any CPU
		{305ABE0E-EB92-48C9-863A-671A4B103104}.Release|x64.ActiveCfg = Release|Any CPU
		{305ABE0E-EB92-48C9-863A-671A4B103104}.Release|x64.Build.0 = Release|Any CPU
		{305ABE0E-EB92-48C9-863A-671A4B103104}.Release|x86.ActiveCfg = Release|Any CPU
		{305ABE0E-EB92-48C9-863A-671A4B103104}.Release|x86.Build.0 = Release|Any CPU
		{F5F1917E-E0EA-4D42-8D21-155D741675BC}.Debug|Any CPU.ActiveCfg = Debug|Any CPU
		{F5F1917E-E0EA-4D42-8D21-155D741675BC}.Debug|Any CPU.Build.0 = Debug|Any CPU
		{F5F1917E-E0EA-4D42-8D21-155D741675BC}.Debug|x64.ActiveCfg = Debug|Any CPU
		{F5F1917E-E0EA-4D42-8D21-155D741675BC}.Debug|x64.Build.0 = Debug|Any CPU
		{F5F1917E-E0EA-4D42-8D21-155D741675BC}.Debug|x86.ActiveCfg = Debug|Any CPU
		{F5F1917E-E0EA-4D42-8D21-155D741675BC}.Debug|x86.Build.0 = Debug|Any CPU
		{F5F1917E-E0EA-4D42-8D21-155D741675BC}.Release|Any CPU.ActiveCfg = Release|Any CPU
		{F5F1917E-E0EA-4D42-8D21-155D741675BC}.Release|Any CPU.Build.0 = Release|Any CPU
		{F5F1917E-E0EA-4D42-8D21-155D741675BC}.Release|x64.ActiveCfg = Release|Any CPU
		{F5F1917E-E0EA-4D42-8D21-155D741675BC}.Release|x64.Build.0 = Release|Any CPU
		{F5F1917E-E0EA-4D42-8D21-155D741675BC}.Release|x86.ActiveCfg = Release|Any CPU
		{F5F1917E-E0EA-4D42-8D21-155D741675BC}.Release|x86.Build.0 = Release|Any CPU
		{43350719-25D9-4033-8B88-BBBEA5949C50}.Debug|Any CPU.ActiveCfg = Debug|Any CPU
		{43350719-25D9-4033-8B88-BBBEA5949C50}.Debug|Any CPU.Build.0 = Debug|Any CPU
		{43350719-25D9-4033-8B88-BBBEA5949C50}.Debug|x64.ActiveCfg = Debug|Any CPU
		{43350719-25D9-4033-8B88-BBBEA5949C50}.Debug|x64.Build.0 = Debug|Any CPU
		{43350719-25D9-4033-8B88-BBBEA5949C50}.Debug|x86.ActiveCfg = Debug|Any CPU
		{43350719-25D9-4033-8B88-BBBEA5949C50}.Debug|x86.Build.0 = Debug|Any CPU
		{43350719-25D9-4033-8B88-BBBEA5949C50}.Release|Any CPU.ActiveCfg = Release|Any CPU
		{43350719-25D9-4033-8B88-BBBEA5949C50}.Release|Any CPU.Build.0 = Release|Any CPU
		{43350719-25D9-4033-8B88-BBBEA5949C50}.Release|x64.ActiveCfg = Release|Any CPU
		{43350719-25D9-4033-8B88-BBBEA5949C50}.Release|x64.Build.0 = Release|Any CPU
		{43350719-25D9-4033-8B88-BBBEA5949C50}.Release|x86.ActiveCfg = Release|Any CPU
		{43350719-25D9-4033-8B88-BBBEA5949C50}.Release|x86.Build.0 = Release|Any CPU
		{A0D3D0F0-11F9-4CC6-92C8-F5AB886CFD99}.Debug|Any CPU.ActiveCfg = Debug|Any CPU
		{A0D3D0F0-11F9-4CC6-92C8-F5AB886CFD99}.Debug|Any CPU.Build.0 = Debug|Any CPU
		{A0D3D0F0-11F9-4CC6-92C8-F5AB886CFD99}.Debug|x64.ActiveCfg = Debug|Any CPU
		{A0D3D0F0-11F9-4CC6-92C8-F5AB886CFD99}.Debug|x64.Build.0 = Debug|Any CPU
		{A0D3D0F0-11F9-4CC6-92C8-F5AB886CFD99}.Debug|x86.ActiveCfg = Debug|Any CPU
		{A0D3D0F0-11F9-4CC6-92C8-F5AB886CFD99}.Debug|x86.Build.0 = Debug|Any CPU
		{A0D3D0F0-11F9-4CC6-92C8-F5AB886CFD99}.Release|Any CPU.ActiveCfg = Release|Any CPU
		{A0D3D0F0-11F9-4CC6-92C8-F5AB886CFD99}.Release|Any CPU.Build.0 = Release|Any CPU
		{A0D3D0F0-11F9-4CC6-92C8-F5AB886CFD99}.Release|x64.ActiveCfg = Release|Any CPU
		{A0D3D0F0-11F9-4CC6-92C8-F5AB886CFD99}.Release|x64.Build.0 = Release|Any CPU
		{A0D3D0F0-11F9-4CC6-92C8-F5AB886CFD99}.Release|x86.ActiveCfg = Release|Any CPU
		{A0D3D0F0-11F9-4CC6-92C8-F5AB886CFD99}.Release|x86.Build.0 = Release|Any CPU
		{59CA0FB4-C78C-4933-8953-E47D21C56168}.Debug|Any CPU.ActiveCfg = Debug|Any CPU
		{59CA0FB4-C78C-4933-8953-E47D21C56168}.Debug|Any CPU.Build.0 = Debug|Any CPU
		{59CA0FB4-C78C-4933-8953-E47D21C56168}.Debug|x64.ActiveCfg = Debug|Any CPU
		{59CA0FB4-C78C-4933-8953-E47D21C56168}.Debug|x64.Build.0 = Debug|Any CPU
		{59CA0FB4-C78C-4933-8953-E47D21C56168}.Debug|x86.ActiveCfg = Debug|Any CPU
		{59CA0FB4-C78C-4933-8953-E47D21C56168}.Debug|x86.Build.0 = Debug|Any CPU
		{59CA0FB4-C78C-4933-8953-E47D21C56168}.Release|Any CPU.ActiveCfg = Release|Any CPU
		{59CA0FB4-C78C-4933-8953-E47D21C56168}.Release|Any CPU.Build.0 = Release|Any CPU
		{59CA0FB4-C78C-4933-8953-E47D21C56168}.Release|x64.ActiveCfg = Release|Any CPU
		{59CA0FB4-C78C-4933-8953-E47D21C56168}.Release|x64.Build.0 = Release|Any CPU
		{59CA0FB4-C78C-4933-8953-E47D21C56168}.Release|x86.ActiveCfg = Release|Any CPU
		{59CA0FB4-C78C-4933-8953-E47D21C56168}.Release|x86.Build.0 = Release|Any CPU
		{789256D2-7B2B-43CD-B021-D71256D11DA9}.Debug|Any CPU.ActiveCfg = Debug|Any CPU
		{789256D2-7B2B-43CD-B021-D71256D11DA9}.Debug|Any CPU.Build.0 = Debug|Any CPU
		{789256D2-7B2B-43CD-B021-D71256D11DA9}.Debug|x64.ActiveCfg = Debug|Any CPU
		{789256D2-7B2B-43CD-B021-D71256D11DA9}.Debug|x64.Build.0 = Debug|Any CPU
		{789256D2-7B2B-43CD-B021-D71256D11DA9}.Debug|x86.ActiveCfg = Debug|Any CPU
		{789256D2-7B2B-43CD-B021-D71256D11DA9}.Debug|x86.Build.0 = Debug|Any CPU
		{789256D2-7B2B-43CD-B021-D71256D11DA9}.Release|Any CPU.ActiveCfg = Release|Any CPU
		{789256D2-7B2B-43CD-B021-D71256D11DA9}.Release|Any CPU.Build.0 = Release|Any CPU
		{789256D2-7B2B-43CD-B021-D71256D11DA9}.Release|x64.ActiveCfg = Release|Any CPU
		{789256D2-7B2B-43CD-B021-D71256D11DA9}.Release|x64.Build.0 = Release|Any CPU
		{789256D2-7B2B-43CD-B021-D71256D11DA9}.Release|x86.ActiveCfg = Release|Any CPU
		{789256D2-7B2B-43CD-B021-D71256D11DA9}.Release|x86.Build.0 = Release|Any CPU
		{EE223F0D-5C24-4D30-B79B-542B99E75488}.Debug|Any CPU.ActiveCfg = Debug|Any CPU
		{EE223F0D-5C24-4D30-B79B-542B99E75488}.Debug|Any CPU.Build.0 = Debug|Any CPU
		{EE223F0D-5C24-4D30-B79B-542B99E75488}.Debug|x64.ActiveCfg = Debug|Any CPU
		{EE223F0D-5C24-4D30-B79B-542B99E75488}.Debug|x64.Build.0 = Debug|Any CPU
		{EE223F0D-5C24-4D30-B79B-542B99E75488}.Debug|x86.ActiveCfg = Debug|Any CPU
		{EE223F0D-5C24-4D30-B79B-542B99E75488}.Debug|x86.Build.0 = Debug|Any CPU
		{EE223F0D-5C24-4D30-B79B-542B99E75488}.Release|Any CPU.ActiveCfg = Release|Any CPU
		{EE223F0D-5C24-4D30-B79B-542B99E75488}.Release|Any CPU.Build.0 = Release|Any CPU
		{EE223F0D-5C24-4D30-B79B-542B99E75488}.Release|x64.ActiveCfg = Release|Any CPU
		{EE223F0D-5C24-4D30-B79B-542B99E75488}.Release|x64.Build.0 = Release|Any CPU
		{EE223F0D-5C24-4D30-B79B-542B99E75488}.Release|x86.ActiveCfg = Release|Any CPU
		{EE223F0D-5C24-4D30-B79B-542B99E75488}.Release|x86.Build.0 = Release|Any CPU
		{70B53EDE-23EC-4CA2-B754-AFEE2138108C}.Debug|Any CPU.ActiveCfg = Debug|Any CPU
		{70B53EDE-23EC-4CA2-B754-AFEE2138108C}.Debug|Any CPU.Build.0 = Debug|Any CPU
		{70B53EDE-23EC-4CA2-B754-AFEE2138108C}.Debug|x64.ActiveCfg = Debug|Any CPU
		{70B53EDE-23EC-4CA2-B754-AFEE2138108C}.Debug|x64.Build.0 = Debug|Any CPU
		{70B53EDE-23EC-4CA2-B754-AFEE2138108C}.Debug|x86.ActiveCfg = Debug|Any CPU
		{70B53EDE-23EC-4CA2-B754-AFEE2138108C}.Debug|x86.Build.0 = Debug|Any CPU
		{70B53EDE-23EC-4CA2-B754-AFEE2138108C}.Release|Any CPU.ActiveCfg = Release|Any CPU
		{70B53EDE-23EC-4CA2-B754-AFEE2138108C}.Release|Any CPU.Build.0 = Release|Any CPU
		{70B53EDE-23EC-4CA2-B754-AFEE2138108C}.Release|x64.ActiveCfg = Release|Any CPU
		{70B53EDE-23EC-4CA2-B754-AFEE2138108C}.Release|x64.Build.0 = Release|Any CPU
		{70B53EDE-23EC-4CA2-B754-AFEE2138108C}.Release|x86.ActiveCfg = Release|Any CPU
		{70B53EDE-23EC-4CA2-B754-AFEE2138108C}.Release|x86.Build.0 = Release|Any CPU
		{54B544B6-F1FE-4F4C-9E3B-9F5A08B293D6}.Debug|Any CPU.ActiveCfg = Debug|Any CPU
		{54B544B6-F1FE-4F4C-9E3B-9F5A08B293D6}.Debug|Any CPU.Build.0 = Debug|Any CPU
		{54B544B6-F1FE-4F4C-9E3B-9F5A08B293D6}.Debug|x64.ActiveCfg = Debug|Any CPU
		{54B544B6-F1FE-4F4C-9E3B-9F5A08B293D6}.Debug|x64.Build.0 = Debug|Any CPU
		{54B544B6-F1FE-4F4C-9E3B-9F5A08B293D6}.Debug|x86.ActiveCfg = Debug|Any CPU
		{54B544B6-F1FE-4F4C-9E3B-9F5A08B293D6}.Debug|x86.Build.0 = Debug|Any CPU
		{54B544B6-F1FE-4F4C-9E3B-9F5A08B293D6}.Release|Any CPU.ActiveCfg = Release|Any CPU
		{54B544B6-F1FE-4F4C-9E3B-9F5A08B293D6}.Release|Any CPU.Build.0 = Release|Any CPU
		{54B544B6-F1FE-4F4C-9E3B-9F5A08B293D6}.Release|x64.ActiveCfg = Release|Any CPU
		{54B544B6-F1FE-4F4C-9E3B-9F5A08B293D6}.Release|x64.Build.0 = Release|Any CPU
		{54B544B6-F1FE-4F4C-9E3B-9F5A08B293D6}.Release|x86.ActiveCfg = Release|Any CPU
		{54B544B6-F1FE-4F4C-9E3B-9F5A08B293D6}.Release|x86.Build.0 = Release|Any CPU
		{9E5640E0-5A0D-46A5-991E-ED1802E8A823}.Debug|Any CPU.ActiveCfg = Debug|Any CPU
		{9E5640E0-5A0D-46A5-991E-ED1802E8A823}.Debug|Any CPU.Build.0 = Debug|Any CPU
		{9E5640E0-5A0D-46A5-991E-ED1802E8A823}.Debug|x64.ActiveCfg = Debug|Any CPU
		{9E5640E0-5A0D-46A5-991E-ED1802E8A823}.Debug|x64.Build.0 = Debug|Any CPU
		{9E5640E0-5A0D-46A5-991E-ED1802E8A823}.Debug|x86.ActiveCfg = Debug|Any CPU
		{9E5640E0-5A0D-46A5-991E-ED1802E8A823}.Debug|x86.Build.0 = Debug|Any CPU
		{9E5640E0-5A0D-46A5-991E-ED1802E8A823}.Release|Any CPU.ActiveCfg = Release|Any CPU
		{9E5640E0-5A0D-46A5-991E-ED1802E8A823}.Release|Any CPU.Build.0 = Release|Any CPU
		{9E5640E0-5A0D-46A5-991E-ED1802E8A823}.Release|x64.ActiveCfg = Release|Any CPU
		{9E5640E0-5A0D-46A5-991E-ED1802E8A823}.Release|x64.Build.0 = Release|Any CPU
		{9E5640E0-5A0D-46A5-991E-ED1802E8A823}.Release|x86.ActiveCfg = Release|Any CPU
		{9E5640E0-5A0D-46A5-991E-ED1802E8A823}.Release|x86.Build.0 = Release|Any CPU
		{BDBA58A1-C5D9-4949-98CA-71A7F131D916}.Debug|Any CPU.ActiveCfg = Debug|Any CPU
		{BDBA58A1-C5D9-4949-98CA-71A7F131D916}.Debug|Any CPU.Build.0 = Debug|Any CPU
		{BDBA58A1-C5D9-4949-98CA-71A7F131D916}.Debug|x64.ActiveCfg = Debug|Any CPU
		{BDBA58A1-C5D9-4949-98CA-71A7F131D916}.Debug|x64.Build.0 = Debug|Any CPU
		{BDBA58A1-C5D9-4949-98CA-71A7F131D916}.Debug|x86.ActiveCfg = Debug|Any CPU
		{BDBA58A1-C5D9-4949-98CA-71A7F131D916}.Debug|x86.Build.0 = Debug|Any CPU
		{BDBA58A1-C5D9-4949-98CA-71A7F131D916}.Release|Any CPU.ActiveCfg = Release|Any CPU
		{BDBA58A1-C5D9-4949-98CA-71A7F131D916}.Release|Any CPU.Build.0 = Release|Any CPU
		{BDBA58A1-C5D9-4949-98CA-71A7F131D916}.Release|x64.ActiveCfg = Release|Any CPU
		{BDBA58A1-C5D9-4949-98CA-71A7F131D916}.Release|x64.Build.0 = Release|Any CPU
		{BDBA58A1-C5D9-4949-98CA-71A7F131D916}.Release|x86.ActiveCfg = Release|Any CPU
		{BDBA58A1-C5D9-4949-98CA-71A7F131D916}.Release|x86.Build.0 = Release|Any CPU
		{4DC3BAED-6DD7-4268-BB7C-CCDCFE2C1944}.Debug|Any CPU.ActiveCfg = Debug|Any CPU
		{4DC3BAED-6DD7-4268-BB7C-CCDCFE2C1944}.Debug|Any CPU.Build.0 = Debug|Any CPU
		{4DC3BAED-6DD7-4268-BB7C-CCDCFE2C1944}.Debug|x64.ActiveCfg = Debug|Any CPU
		{4DC3BAED-6DD7-4268-BB7C-CCDCFE2C1944}.Debug|x64.Build.0 = Debug|Any CPU
		{4DC3BAED-6DD7-4268-BB7C-CCDCFE2C1944}.Debug|x86.ActiveCfg = Debug|Any CPU
		{4DC3BAED-6DD7-4268-BB7C-CCDCFE2C1944}.Debug|x86.Build.0 = Debug|Any CPU
		{4DC3BAED-6DD7-4268-BB7C-CCDCFE2C1944}.Release|Any CPU.ActiveCfg = Release|Any CPU
		{4DC3BAED-6DD7-4268-BB7C-CCDCFE2C1944}.Release|Any CPU.Build.0 = Release|Any CPU
		{4DC3BAED-6DD7-4268-BB7C-CCDCFE2C1944}.Release|x64.ActiveCfg = Release|Any CPU
		{4DC3BAED-6DD7-4268-BB7C-CCDCFE2C1944}.Release|x64.Build.0 = Release|Any CPU
		{4DC3BAED-6DD7-4268-BB7C-CCDCFE2C1944}.Release|x86.ActiveCfg = Release|Any CPU
		{4DC3BAED-6DD7-4268-BB7C-CCDCFE2C1944}.Release|x86.Build.0 = Release|Any CPU
		{47650DA1-BC12-4D17-8016-77AC3E1BA11C}.Debug|Any CPU.ActiveCfg = Debug|Any CPU
		{47650DA1-BC12-4D17-8016-77AC3E1BA11C}.Debug|Any CPU.Build.0 = Debug|Any CPU
		{47650DA1-BC12-4D17-8016-77AC3E1BA11C}.Debug|x64.ActiveCfg = Debug|Any CPU
		{47650DA1-BC12-4D17-8016-77AC3E1BA11C}.Debug|x64.Build.0 = Debug|Any CPU
		{47650DA1-BC12-4D17-8016-77AC3E1BA11C}.Debug|x86.ActiveCfg = Debug|Any CPU
		{47650DA1-BC12-4D17-8016-77AC3E1BA11C}.Debug|x86.Build.0 = Debug|Any CPU
		{47650DA1-BC12-4D17-8016-77AC3E1BA11C}.Release|Any CPU.ActiveCfg = Release|Any CPU
		{47650DA1-BC12-4D17-8016-77AC3E1BA11C}.Release|Any CPU.Build.0 = Release|Any CPU
		{47650DA1-BC12-4D17-8016-77AC3E1BA11C}.Release|x64.ActiveCfg = Release|Any CPU
		{47650DA1-BC12-4D17-8016-77AC3E1BA11C}.Release|x64.Build.0 = Release|Any CPU
		{47650DA1-BC12-4D17-8016-77AC3E1BA11C}.Release|x86.ActiveCfg = Release|Any CPU
		{47650DA1-BC12-4D17-8016-77AC3E1BA11C}.Release|x86.Build.0 = Release|Any CPU
		{6C91E8E2-2D38-4A91-8A4F-0297B9D51A74}.Debug|Any CPU.ActiveCfg = Debug|Any CPU
		{6C91E8E2-2D38-4A91-8A4F-0297B9D51A74}.Debug|Any CPU.Build.0 = Debug|Any CPU
		{6C91E8E2-2D38-4A91-8A4F-0297B9D51A74}.Debug|x64.ActiveCfg = Debug|Any CPU
		{6C91E8E2-2D38-4A91-8A4F-0297B9D51A74}.Debug|x64.Build.0 = Debug|Any CPU
		{6C91E8E2-2D38-4A91-8A4F-0297B9D51A74}.Debug|x86.ActiveCfg = Debug|Any CPU
		{6C91E8E2-2D38-4A91-8A4F-0297B9D51A74}.Debug|x86.Build.0 = Debug|Any CPU
		{6C91E8E2-2D38-4A91-8A4F-0297B9D51A74}.Release|Any CPU.ActiveCfg = Release|Any CPU
		{6C91E8E2-2D38-4A91-8A4F-0297B9D51A74}.Release|Any CPU.Build.0 = Release|Any CPU
		{6C91E8E2-2D38-4A91-8A4F-0297B9D51A74}.Release|x64.ActiveCfg = Release|Any CPU
		{6C91E8E2-2D38-4A91-8A4F-0297B9D51A74}.Release|x64.Build.0 = Release|Any CPU
		{6C91E8E2-2D38-4A91-8A4F-0297B9D51A74}.Release|x86.ActiveCfg = Release|Any CPU
		{6C91E8E2-2D38-4A91-8A4F-0297B9D51A74}.Release|x86.Build.0 = Release|Any CPU
		{599378F6-1525-4AE7-BD03-DA8626ED8F4C}.Debug|Any CPU.ActiveCfg = Debug|Any CPU
		{599378F6-1525-4AE7-BD03-DA8626ED8F4C}.Debug|Any CPU.Build.0 = Debug|Any CPU
		{599378F6-1525-4AE7-BD03-DA8626ED8F4C}.Debug|x64.ActiveCfg = Debug|Any CPU
		{599378F6-1525-4AE7-BD03-DA8626ED8F4C}.Debug|x64.Build.0 = Debug|Any CPU
		{599378F6-1525-4AE7-BD03-DA8626ED8F4C}.Debug|x86.ActiveCfg = Debug|Any CPU
		{599378F6-1525-4AE7-BD03-DA8626ED8F4C}.Debug|x86.Build.0 = Debug|Any CPU
		{599378F6-1525-4AE7-BD03-DA8626ED8F4C}.Release|Any CPU.ActiveCfg = Release|Any CPU
		{599378F6-1525-4AE7-BD03-DA8626ED8F4C}.Release|Any CPU.Build.0 = Release|Any CPU
		{599378F6-1525-4AE7-BD03-DA8626ED8F4C}.Release|x64.ActiveCfg = Release|Any CPU
		{599378F6-1525-4AE7-BD03-DA8626ED8F4C}.Release|x64.Build.0 = Release|Any CPU
		{599378F6-1525-4AE7-BD03-DA8626ED8F4C}.Release|x86.ActiveCfg = Release|Any CPU
		{599378F6-1525-4AE7-BD03-DA8626ED8F4C}.Release|x86.Build.0 = Release|Any CPU
		{7AF22671-4907-415F-98E9-C25622147120}.Debug|Any CPU.ActiveCfg = Debug|Any CPU
		{7AF22671-4907-415F-98E9-C25622147120}.Debug|Any CPU.Build.0 = Debug|Any CPU
		{7AF22671-4907-415F-98E9-C25622147120}.Debug|x64.ActiveCfg = Debug|Any CPU
		{7AF22671-4907-415F-98E9-C25622147120}.Debug|x64.Build.0 = Debug|Any CPU
		{7AF22671-4907-415F-98E9-C25622147120}.Debug|x86.ActiveCfg = Debug|Any CPU
		{7AF22671-4907-415F-98E9-C25622147120}.Debug|x86.Build.0 = Debug|Any CPU
		{7AF22671-4907-415F-98E9-C25622147120}.Release|Any CPU.ActiveCfg = Release|Any CPU
		{7AF22671-4907-415F-98E9-C25622147120}.Release|Any CPU.Build.0 = Release|Any CPU
		{7AF22671-4907-415F-98E9-C25622147120}.Release|x64.ActiveCfg = Release|Any CPU
		{7AF22671-4907-415F-98E9-C25622147120}.Release|x64.Build.0 = Release|Any CPU
		{7AF22671-4907-415F-98E9-C25622147120}.Release|x86.ActiveCfg = Release|Any CPU
		{7AF22671-4907-415F-98E9-C25622147120}.Release|x86.Build.0 = Release|Any CPU
		{43EC9A95-3F61-4D9B-B2A4-208818548B32}.Debug|Any CPU.ActiveCfg = Debug|Any CPU
		{43EC9A95-3F61-4D9B-B2A4-208818548B32}.Debug|Any CPU.Build.0 = Debug|Any CPU
		{43EC9A95-3F61-4D9B-B2A4-208818548B32}.Debug|x64.ActiveCfg = Debug|Any CPU
		{43EC9A95-3F61-4D9B-B2A4-208818548B32}.Debug|x64.Build.0 = Debug|Any CPU
		{43EC9A95-3F61-4D9B-B2A4-208818548B32}.Debug|x86.ActiveCfg = Debug|Any CPU
		{43EC9A95-3F61-4D9B-B2A4-208818548B32}.Debug|x86.Build.0 = Debug|Any CPU
		{43EC9A95-3F61-4D9B-B2A4-208818548B32}.Release|Any CPU.ActiveCfg = Release|Any CPU
		{43EC9A95-3F61-4D9B-B2A4-208818548B32}.Release|Any CPU.Build.0 = Release|Any CPU
		{43EC9A95-3F61-4D9B-B2A4-208818548B32}.Release|x64.ActiveCfg = Release|Any CPU
		{43EC9A95-3F61-4D9B-B2A4-208818548B32}.Release|x64.Build.0 = Release|Any CPU
		{43EC9A95-3F61-4D9B-B2A4-208818548B32}.Release|x86.ActiveCfg = Release|Any CPU
		{43EC9A95-3F61-4D9B-B2A4-208818548B32}.Release|x86.Build.0 = Release|Any CPU
		{DC8EF42C-BC89-45B4-B5B0-09EE859DFD55}.Debug|Any CPU.ActiveCfg = Debug|Any CPU
		{DC8EF42C-BC89-45B4-B5B0-09EE859DFD55}.Debug|Any CPU.Build.0 = Debug|Any CPU
		{DC8EF42C-BC89-45B4-B5B0-09EE859DFD55}.Debug|x64.ActiveCfg = Debug|Any CPU
		{DC8EF42C-BC89-45B4-B5B0-09EE859DFD55}.Debug|x64.Build.0 = Debug|Any CPU
		{DC8EF42C-BC89-45B4-B5B0-09EE859DFD55}.Debug|x86.ActiveCfg = Debug|Any CPU
		{DC8EF42C-BC89-45B4-B5B0-09EE859DFD55}.Debug|x86.Build.0 = Debug|Any CPU
		{DC8EF42C-BC89-45B4-B5B0-09EE859DFD55}.Release|Any CPU.ActiveCfg = Release|Any CPU
		{DC8EF42C-BC89-45B4-B5B0-09EE859DFD55}.Release|Any CPU.Build.0 = Release|Any CPU
		{DC8EF42C-BC89-45B4-B5B0-09EE859DFD55}.Release|x64.ActiveCfg = Release|Any CPU
		{DC8EF42C-BC89-45B4-B5B0-09EE859DFD55}.Release|x64.Build.0 = Release|Any CPU
		{DC8EF42C-BC89-45B4-B5B0-09EE859DFD55}.Release|x86.ActiveCfg = Release|Any CPU
		{DC8EF42C-BC89-45B4-B5B0-09EE859DFD55}.Release|x86.Build.0 = Release|Any CPU
		{9BD27E36-2638-40CB-A797-A3AF7E9AB39A}.Debug|Any CPU.ActiveCfg = Debug|Any CPU
		{9BD27E36-2638-40CB-A797-A3AF7E9AB39A}.Debug|Any CPU.Build.0 = Debug|Any CPU
		{9BD27E36-2638-40CB-A797-A3AF7E9AB39A}.Debug|x64.ActiveCfg = Debug|Any CPU
		{9BD27E36-2638-40CB-A797-A3AF7E9AB39A}.Debug|x64.Build.0 = Debug|Any CPU
		{9BD27E36-2638-40CB-A797-A3AF7E9AB39A}.Debug|x86.ActiveCfg = Debug|Any CPU
		{9BD27E36-2638-40CB-A797-A3AF7E9AB39A}.Debug|x86.Build.0 = Debug|Any CPU
		{9BD27E36-2638-40CB-A797-A3AF7E9AB39A}.Release|Any CPU.ActiveCfg = Release|Any CPU
		{9BD27E36-2638-40CB-A797-A3AF7E9AB39A}.Release|Any CPU.Build.0 = Release|Any CPU
		{9BD27E36-2638-40CB-A797-A3AF7E9AB39A}.Release|x64.ActiveCfg = Release|Any CPU
		{9BD27E36-2638-40CB-A797-A3AF7E9AB39A}.Release|x64.Build.0 = Release|Any CPU
		{9BD27E36-2638-40CB-A797-A3AF7E9AB39A}.Release|x86.ActiveCfg = Release|Any CPU
		{9BD27E36-2638-40CB-A797-A3AF7E9AB39A}.Release|x86.Build.0 = Release|Any CPU
		{C0E40E8F-7F69-4727-9441-65B4E34C5872}.Debug|Any CPU.ActiveCfg = Debug|Any CPU
		{C0E40E8F-7F69-4727-9441-65B4E34C5872}.Debug|Any CPU.Build.0 = Debug|Any CPU
		{C0E40E8F-7F69-4727-9441-65B4E34C5872}.Debug|x64.ActiveCfg = Debug|Any CPU
		{C0E40E8F-7F69-4727-9441-65B4E34C5872}.Debug|x64.Build.0 = Debug|Any CPU
		{C0E40E8F-7F69-4727-9441-65B4E34C5872}.Debug|x86.ActiveCfg = Debug|Any CPU
		{C0E40E8F-7F69-4727-9441-65B4E34C5872}.Debug|x86.Build.0 = Debug|Any CPU
		{C0E40E8F-7F69-4727-9441-65B4E34C5872}.Release|Any CPU.ActiveCfg = Release|Any CPU
		{C0E40E8F-7F69-4727-9441-65B4E34C5872}.Release|Any CPU.Build.0 = Release|Any CPU
		{C0E40E8F-7F69-4727-9441-65B4E34C5872}.Release|x64.ActiveCfg = Release|Any CPU
		{C0E40E8F-7F69-4727-9441-65B4E34C5872}.Release|x64.Build.0 = Release|Any CPU
		{C0E40E8F-7F69-4727-9441-65B4E34C5872}.Release|x86.ActiveCfg = Release|Any CPU
		{C0E40E8F-7F69-4727-9441-65B4E34C5872}.Release|x86.Build.0 = Release|Any CPU
		{74ECAF46-D1C3-4FF8-A558-E186F209D2BB}.Debug|Any CPU.ActiveCfg = Debug|Any CPU
		{74ECAF46-D1C3-4FF8-A558-E186F209D2BB}.Debug|Any CPU.Build.0 = Debug|Any CPU
		{74ECAF46-D1C3-4FF8-A558-E186F209D2BB}.Debug|x64.ActiveCfg = Debug|Any CPU
		{74ECAF46-D1C3-4FF8-A558-E186F209D2BB}.Debug|x64.Build.0 = Debug|Any CPU
		{74ECAF46-D1C3-4FF8-A558-E186F209D2BB}.Debug|x86.ActiveCfg = Debug|Any CPU
		{74ECAF46-D1C3-4FF8-A558-E186F209D2BB}.Debug|x86.Build.0 = Debug|Any CPU
		{74ECAF46-D1C3-4FF8-A558-E186F209D2BB}.Release|Any CPU.ActiveCfg = Release|Any CPU
		{74ECAF46-D1C3-4FF8-A558-E186F209D2BB}.Release|Any CPU.Build.0 = Release|Any CPU
		{74ECAF46-D1C3-4FF8-A558-E186F209D2BB}.Release|x64.ActiveCfg = Release|Any CPU
		{74ECAF46-D1C3-4FF8-A558-E186F209D2BB}.Release|x64.Build.0 = Release|Any CPU
		{74ECAF46-D1C3-4FF8-A558-E186F209D2BB}.Release|x86.ActiveCfg = Release|Any CPU
		{74ECAF46-D1C3-4FF8-A558-E186F209D2BB}.Release|x86.Build.0 = Release|Any CPU
		{7B984E49-F9FA-4191-891F-1AB74B05381B}.Debug|Any CPU.ActiveCfg = Debug|Any CPU
		{7B984E49-F9FA-4191-891F-1AB74B05381B}.Debug|Any CPU.Build.0 = Debug|Any CPU
		{7B984E49-F9FA-4191-891F-1AB74B05381B}.Debug|x64.ActiveCfg = Debug|Any CPU
		{7B984E49-F9FA-4191-891F-1AB74B05381B}.Debug|x64.Build.0 = Debug|Any CPU
		{7B984E49-F9FA-4191-891F-1AB74B05381B}.Debug|x86.ActiveCfg = Debug|Any CPU
		{7B984E49-F9FA-4191-891F-1AB74B05381B}.Debug|x86.Build.0 = Debug|Any CPU
		{7B984E49-F9FA-4191-891F-1AB74B05381B}.Release|Any CPU.ActiveCfg = Release|Any CPU
		{7B984E49-F9FA-4191-891F-1AB74B05381B}.Release|Any CPU.Build.0 = Release|Any CPU
		{7B984E49-F9FA-4191-891F-1AB74B05381B}.Release|x64.ActiveCfg = Release|Any CPU
		{7B984E49-F9FA-4191-891F-1AB74B05381B}.Release|x64.Build.0 = Release|Any CPU
		{7B984E49-F9FA-4191-891F-1AB74B05381B}.Release|x86.ActiveCfg = Release|Any CPU
		{7B984E49-F9FA-4191-891F-1AB74B05381B}.Release|x86.Build.0 = Release|Any CPU
	EndGlobalSection
	GlobalSection(SolutionProperties) = preSolution
		HideSolutionNode = FALSE
	EndGlobalSection
	GlobalSection(NestedProjects) = preSolution
		{EC447DCF-ABFA-6E24-52A5-D7FD48A5C558} = {827E0CD3-B72D-47B6-A68D-7590B98EB39B}
		{C482A0FC-5230-A428-385C-CB0AE2F127AA} = {EC447DCF-ABFA-6E24-52A5-D7FD48A5C558}
		{BE49D996-D115-4399-8B80-0FB48DE9C80F} = {C482A0FC-5230-A428-385C-CB0AE2F127AA}
		{81A0C41F-BB5E-4A09-87C0-5D13BAD7B3D7} = {C482A0FC-5230-A428-385C-CB0AE2F127AA}
		{A3F4463E-AD58-41C1-AF62-E1612362AB90} = {C482A0FC-5230-A428-385C-CB0AE2F127AA}
		{357FD6F1-74D3-4D43-B55C-9E2C0CC6ECAD} = {C482A0FC-5230-A428-385C-CB0AE2F127AA}
		{42926E0C-B187-78B7-30CB-6E832B613613} = {827E0CD3-B72D-47B6-A68D-7590B98EB39B}
		{35F417C1-A5BD-432C-9E10-544D4C1AD290} = {42926E0C-B187-78B7-30CB-6E832B613613}
		{D31A2194-9B47-4A9D-83EF-95A090D4460C} = {827E0CD3-B72D-47B6-A68D-7590B98EB39B}
		{900A4B3A-C3A2-47C3-8764-66901C76FD0C} = {D31A2194-9B47-4A9D-83EF-95A090D4460C}
		{06BDBDBA-070C-4E5D-A753-662938A8AD5B} = {C482A0FC-5230-A428-385C-CB0AE2F127AA}
		{02EA681E-C7D8-13C7-8484-4AC65E1B71E8} = {827E0CD3-B72D-47B6-A68D-7590B98EB39B}
		{6F507A99-4D42-4974-99F1-4A938E137F42} = {02EA681E-C7D8-13C7-8484-4AC65E1B71E8}
		{EDC5BF02-DF06-4E0A-8965-76707713AA4B} = {0AB3BF05-4346-4AA6-1389-037BE0695223}
		{A7329094-00FC-4ACF-91AC-DAC3F4C34939} = {0AB3BF05-4346-4AA6-1389-037BE0695223}
		{2DAA8D8B-7FB4-467D-942D-54B41BE44D4A} = {0AB3BF05-4346-4AA6-1389-037BE0695223}
		{83F6E2D3-3518-4869-BAB8-9B3F305AF2EF} = {0AB3BF05-4346-4AA6-1389-037BE0695223}
		{EF5DCB65-901F-442B-A571-0F541F9DF68C} = {0AB3BF05-4346-4AA6-1389-037BE0695223}
		{30CD8D45-4265-423D-BA1F-B20A57801CA3} = {0AB3BF05-4346-4AA6-1389-037BE0695223}
		{4DF80442-A1E5-CC28-AE7B-27B5F9BFE52B} = {827E0CD3-B72D-47B6-A68D-7590B98EB39B}
		{B0069543-B3CD-484E-896A-36CA7DA905C8} = {4DF80442-A1E5-CC28-AE7B-27B5F9BFE52B}
		{7E06002E-B14A-C358-19D0-0C2A74B78791} = {4DF80442-A1E5-CC28-AE7B-27B5F9BFE52B}
		{AD1FB5A8-9064-4B3A-BA06-1DCEE2824E64} = {7E06002E-B14A-C358-19D0-0C2A74B78791}
		{67D85B0B-79F0-4DF8-A0C6-90123941A753} = {7E06002E-B14A-C358-19D0-0C2A74B78791}
		{41C0A2FE-5F60-2EFA-FBCC-8DD5E237BD3F} = {4DF80442-A1E5-CC28-AE7B-27B5F9BFE52B}
		{3D537778-52E1-4CE5-A21A-56E5FFABA7D2} = {41C0A2FE-5F60-2EFA-FBCC-8DD5E237BD3F}
		{6BE85C6B-E192-4CA7-9240-582C24A43667} = {41C0A2FE-5F60-2EFA-FBCC-8DD5E237BD3F}
		{464AC5AC-36A1-417B-BAFD-AFF2B66E40CC} = {0AB3BF05-4346-4AA6-1389-037BE0695223}
		{E969EE93-08E5-4E9F-8C71-3799842953A1} = {0AB3BF05-4346-4AA6-1389-037BE0695223}
		{F46610DB-B403-46AA-9CF4-B91E78F00C21} = {02EA681E-C7D8-13C7-8484-4AC65E1B71E8}
		{F4B77574-35F5-F988-E691-31E7FE53D124} = {4DF80442-A1E5-CC28-AE7B-27B5F9BFE52B}
		{8556A38F-5EB5-49F3-8859-85E49214567C} = {F4B77574-35F5-F988-E691-31E7FE53D124}
		{74A88F64-4FE5-4D93-6FC0-D1D799FA3323} = {EC447DCF-ABFA-6E24-52A5-D7FD48A5C558}
		{A395833C-CF14-443A-90A5-E5F9E0F5D256} = {74A88F64-4FE5-4D93-6FC0-D1D799FA3323}
		{7EF33467-E390-4415-89D9-625FA5575C98} = {74A88F64-4FE5-4D93-6FC0-D1D799FA3323}
		{570A7159-AD49-4471-AC6B-C42A3733AC2C} = {74A88F64-4FE5-4D93-6FC0-D1D799FA3323}
		{D71AC20B-F42C-4539-88C1-C0DA25EFC8CA} = {74A88F64-4FE5-4D93-6FC0-D1D799FA3323}
		{471382FC-C2B1-4698-81A9-67B218DD3EB3} = {74A88F64-4FE5-4D93-6FC0-D1D799FA3323}
		{9CF5F25C-187B-30C2-7E42-155EC72F1A5E} = {EC447DCF-ABFA-6E24-52A5-D7FD48A5C558}
		{8DF40606-01A8-4E4C-B156-466835E4433F} = {9CF5F25C-187B-30C2-7E42-155EC72F1A5E}
		{CA45C9DF-F8CD-48AE-BF6B-B7C355AB8F39} = {9CF5F25C-187B-30C2-7E42-155EC72F1A5E}
		{8A636900-0310-4CAC-8E85-B6A300B936F9} = {9CF5F25C-187B-30C2-7E42-155EC72F1A5E}
		{59267AA3-AE8F-4921-B524-30570E40D443} = {9CF5F25C-187B-30C2-7E42-155EC72F1A5E}
		{BDCC12B2-929F-4483-B282-17DDCE211F15} = {9CF5F25C-187B-30C2-7E42-155EC72F1A5E}
		{1B582752-51A5-9834-41AD-250D8F8FB14A} = {EC447DCF-ABFA-6E24-52A5-D7FD48A5C558}
		{DFCEABFC-34EF-04DD-56C3-43CAB765EEB6} = {EC447DCF-ABFA-6E24-52A5-D7FD48A5C558}
		{5C5821E3-54D3-4BF7-9D97-6679B824AA08} = {DFCEABFC-34EF-04DD-56C3-43CAB765EEB6}
		{54DAC6EB-56A6-43FD-B923-DCDFD9CE8F83} = {DFCEABFC-34EF-04DD-56C3-43CAB765EEB6}
		{4FF93CD3-EEAC-462B-8841-C73D9184AA23} = {DFCEABFC-34EF-04DD-56C3-43CAB765EEB6}
		{4B3E5F1D-CF8C-4362-8347-974F10DEDB93} = {DFCEABFC-34EF-04DD-56C3-43CAB765EEB6}
		{3E396046-41CF-4E88-A1F1-72CC797966B6} = {DFCEABFC-34EF-04DD-56C3-43CAB765EEB6}
		{D9C9954E-BAB7-4736-88AB-9C429DAC27D9} = {1B582752-51A5-9834-41AD-250D8F8FB14A}
		{158A9562-6DCF-464B-9DB5-EAF26161AEC8} = {1B582752-51A5-9834-41AD-250D8F8FB14A}
		{AF653D1B-AB06-4803-AEC0-364A1B55248C} = {1B582752-51A5-9834-41AD-250D8F8FB14A}
		{B0F26AFC-67B0-4A58-B8C8-3AF1617EC7E7} = {1B582752-51A5-9834-41AD-250D8F8FB14A}
		{1F41FC66-221B-4970-BC1E-24398998E222} = {1B582752-51A5-9834-41AD-250D8F8FB14A}
		{305ABE0E-EB92-48C9-863A-671A4B103104} = {02EA681E-C7D8-13C7-8484-4AC65E1B71E8}
		{F5F1917E-E0EA-4D42-8D21-155D741675BC} = {0AB3BF05-4346-4AA6-1389-037BE0695223}
		{43350719-25D9-4033-8B88-BBBEA5949C50} = {0AB3BF05-4346-4AA6-1389-037BE0695223}
		{A0D3D0F0-11F9-4CC6-92C8-F5AB886CFD99} = {0AB3BF05-4346-4AA6-1389-037BE0695223}
		{59CA0FB4-C78C-4933-8953-E47D21C56168} = {0AB3BF05-4346-4AA6-1389-037BE0695223}
		{789256D2-7B2B-43CD-B021-D71256D11DA9} = {0AB3BF05-4346-4AA6-1389-037BE0695223}
		{EE223F0D-5C24-4D30-B79B-542B99E75488} = {0AB3BF05-4346-4AA6-1389-037BE0695223}
		{70B53EDE-23EC-4CA2-B754-AFEE2138108C} = {0AB3BF05-4346-4AA6-1389-037BE0695223}
		{54B544B6-F1FE-4F4C-9E3B-9F5A08B293D6} = {0AB3BF05-4346-4AA6-1389-037BE0695223}
		{9E5640E0-5A0D-46A5-991E-ED1802E8A823} = {02EA681E-C7D8-13C7-8484-4AC65E1B71E8}
		{BDBA58A1-C5D9-4949-98CA-71A7F131D916} = {02EA681E-C7D8-13C7-8484-4AC65E1B71E8}
		{4DC3BAED-6DD7-4268-BB7C-CCDCFE2C1944} = {0AB3BF05-4346-4AA6-1389-037BE0695223}
		{47650DA1-BC12-4D17-8016-77AC3E1BA11C} = {0AB3BF05-4346-4AA6-1389-037BE0695223}
		{6C91E8E2-2D38-4A91-8A4F-0297B9D51A74} = {0AB3BF05-4346-4AA6-1389-037BE0695223}
		{95007249-5919-0C79-44D7-2A87469DF0DE} = {4DF80442-A1E5-CC28-AE7B-27B5F9BFE52B}
		{599378F6-1525-4AE7-BD03-DA8626ED8F4C} = {95007249-5919-0C79-44D7-2A87469DF0DE}
		{7AF22671-4907-415F-98E9-C25622147120} = {F4B77574-35F5-F988-E691-31E7FE53D124}
		{43EC9A95-3F61-4D9B-B2A4-208818548B32} = {F4B77574-35F5-F988-E691-31E7FE53D124}
		{DC8EF42C-BC89-45B4-B5B0-09EE859DFD55} = {9CF5F25C-187B-30C2-7E42-155EC72F1A5E}
		{9BD27E36-2638-40CB-A797-A3AF7E9AB39A} = {1B582752-51A5-9834-41AD-250D8F8FB14A}
		{C0E40E8F-7F69-4727-9441-65B4E34C5872} = {0AB3BF05-4346-4AA6-1389-037BE0695223}
		{74ECAF46-D1C3-4FF8-A558-E186F209D2BB} = {7E06002E-B14A-C358-19D0-0C2A74B78791}
		{7B984E49-F9FA-4191-891F-1AB74B05381B} = {41C0A2FE-5F60-2EFA-FBCC-8DD5E237BD3F}
	EndGlobalSection
	GlobalSection(ExtensibilityGlobals) = postSolution
		SolutionGuid = {6AA0D61E-58B0-4529-B16D-19A079DDA409}
	EndGlobalSection
EndGlobal
