<Solution>
  <Folder Name="/src/">
    <Project Path="../../../V3/stages/post/gates/architecture/dotnet/Guards.ArchitectureConformance/Guards.ArchitectureConformance.csproj" />
    <Project Path="src/LayerGuard.Ifx/LayerGuard.Ifx.csproj" />
  </Folder>
  <Folder Name="/tests/">
    <Project Path="../../../V3/stages/post/gates/architecture/dotnet/Guards.ArchitectureConformance.Tests/Guards.ArchitectureConformance.Tests.csproj" />
    <Project Path="tests/LayerGuard.Ifx.Tests/LayerGuard.Ifx.Tests.csproj" />
    <Project Path="tests/LayerGuard.Tests/LayerGuard.Tests.csproj" />
  </Folder>
</Solution>
