<Solution>
  <Folder Name="/src/">
    <Project Path="src/LayerGuard/LayerGuard.csproj" />
    <Project Path="src/LayerGuard.Ifx/LayerGuard.Ifx.csproj" />
  </Folder>
  <Folder Name="/tests/">
    <Project Path="tests/LayerGuard.Tests/LayerGuard.Tests.csproj" />
    <Project Path="tests/LayerGuard.Ifx.Tests/LayerGuard.Ifx.Tests.csproj" />
  </Folder>
</Solution>
